// !$*UTF8*$!
{
	archiveVersion = 1;
	classes = {
	};
	objectVersion = 46;
	objects = {

/* Begin PBXBuildFile section */
		CC09289819DB9FD500B358F2 /* AppIcon180x180.png in Resources */ = {isa = PBXBuildFile; fileRef = CC09289619DB9FD500B358F2 /* AppIcon180x180.png */; };
		CC09289919DB9FD500B358F2 /* AppIcon180x180@2x.png in Resources */ = {isa = PBXBuildFile; fileRef = CC09289719DB9FD500B358F2 /* AppIcon180x180@2x.png */; };
		CC3F1BED19BD499800F6AD43 /* eddaOtherView.m in Sources */ = {isa = PBXBuildFile; fileRef = CC3F1BEC19BD499800F6AD43 /* eddaOtherView.m */; };
		CC3F1C1419BE8ECB00F6AD43 /* utils.cpp in Sources */ = {isa = PBXBuildFile; fileRef = CC3F1C1319BE8ECB00F6AD43 /* utils.cpp */; };
		CC40DE2E19B813A000E86968 /* AVFoundation.framework in Frameworks */ = {isa = PBXBuildFile; fileRef = CC40DE2D19B813A000E86968 /* AVFoundation.framework */; };
		CC40DE3419B8271300E86968 /* arrow.png in Resources */ = {isa = PBXBuildFile; fileRef = CC40DE3219B8271300E86968 /* arrow.png */; };
		CC40DE3519B8271300E86968 /* arrow@2x.png in Resources */ = {isa = PBXBuildFile; fileRef = CC40DE3319B8271300E86968 /* arrow@2x.png */; };
		CC450F681A744C9800CC195B /* MapKit.framework in Frameworks */ = {isa = PBXBuildFile; fileRef = CC450F671A744C9800CC195B /* MapKit.framework */; };
		CC450F6A1A745BFB00CC195B /* call.pdf in Resources */ = {isa = PBXBuildFile; fileRef = CC450F691A745BFB00CC195B /* call.pdf */; };
		CC450F881A7482D600CC195B /* eddaMapAnnotation.m in Sources */ = {isa = PBXBuildFile; fileRef = CC450F871A7482D600CC195B /* eddaMapAnnotation.m */; };
		CC4B70831A6C8E540016257C /* GLKit.framework in Frameworks */ = {isa = PBXBuildFile; fileRef = CC4B70721A6C784D0016257C /* GLKit.framework */; };
		CC5989C91A6B01DE0047D119 /* home.jpg in Resources */ = {isa = PBXBuildFile; fileRef = CC5989C81A6B01DE0047D119 /* home.jpg */; };
		CC5989CB1A6B042C0047D119 /* info.jpg in Resources */ = {isa = PBXBuildFile; fileRef = CC5989CA1A6B042C0047D119 /* info.jpg */; };
		CC5989CD1A6B05230047D119 /* home-info.jpg in Resources */ = {isa = PBXBuildFile; fileRef = CC5989CC1A6B05230047D119 /* home-info.jpg */; };
		CC5989E41A6B0D920047D119 /* default-375w-667h@2x.png in Resources */ = {isa = PBXBuildFile; fileRef = CC5989E21A6B0D920047D119 /* default-375w-667h@2x.png */; };
		CC5989E51A6B0D920047D119 /* default-414w-736h@3x.png in Resources */ = {isa = PBXBuildFile; fileRef = CC5989E31A6B0D920047D119 /* default-414w-736h@3x.png */; };
		CC5989E81A6B0E470047D119 /* default-5@2x.png in Resources */ = {isa = PBXBuildFile; fileRef = CC5989E61A6B0E470047D119 /* default-5@2x.png */; };
		CC5989E91A6B0E470047D119 /* default@2x.png in Resources */ = {isa = PBXBuildFile; fileRef = CC5989E71A6B0E470047D119 /* default@2x.png */; };
		CC5989EC1A6B33BE0047D119 /* Zen_mg_JFK_LO_short.wav in Resources */ = {isa = PBXBuildFile; fileRef = CC5989EB1A6B33BE0047D119 /* Zen_mg_JFK_LO_short.wav */; };
		CC5B4F9719D8D67B001BA61D /* LSViewController.m in Sources */ = {isa = PBXBuildFile; fileRef = CC5B4F9619D8D67B001BA61D /* LSViewController.m */; };
		CC7329D019B6D899005FEC7D /* CoreMotion.framework in Frameworks */ = {isa = PBXBuildFile; fileRef = CC7329CF19B6D899005FEC7D /* CoreMotion.framework */; };
		CC77D4F119B003E8009BA59F /* Foundation.framework in Frameworks */ = {isa = PBXBuildFile; fileRef = CC77D4F019B003E8009BA59F /* Foundation.framework */; };
		CC77D4F319B003E8009BA59F /* CoreGraphics.framework in Frameworks */ = {isa = PBXBuildFile; fileRef = CC77D4F219B003E8009BA59F /* CoreGraphics.framework */; };
		CC77D4F519B003E8009BA59F /* UIKit.framework in Frameworks */ = {isa = PBXBuildFile; fileRef = CC77D4F419B003E8009BA59F /* UIKit.framework */; };
		CC77D4FB19B003E8009BA59F /* InfoPlist.strings in Resources */ = {isa = PBXBuildFile; fileRef = CC77D4F919B003E8009BA59F /* InfoPlist.strings */; };
		CC77D4FD19B003E8009BA59F /* main.m in Sources */ = {isa = PBXBuildFile; fileRef = CC77D4FC19B003E8009BA59F /* main.m */; };
		CC77D50119B003E8009BA59F /* eddaAppDelegate.m in Sources */ = {isa = PBXBuildFile; fileRef = CC77D50019B003E8009BA59F /* eddaAppDelegate.m */; };
		CC77D50419B003E8009BA59F /* Main.storyboard in Resources */ = {isa = PBXBuildFile; fileRef = CC77D50219B003E8009BA59F /* Main.storyboard */; };
		CC77D50719B003E8009BA59F /* eddaMainViewController.m in Sources */ = {isa = PBXBuildFile; fileRef = CC77D50619B003E8009BA59F /* eddaMainViewController.m */; };
		CC77D50A19B003E8009BA59F /* eddaFlipsideViewController.m in Sources */ = {isa = PBXBuildFile; fileRef = CC77D50919B003E8009BA59F /* eddaFlipsideViewController.m */; };
		CC77D50C19B003E8009BA59F /* Images.xcassets in Resources */ = {isa = PBXBuildFile; fileRef = CC77D50B19B003E8009BA59F /* Images.xcassets */; };
		CC77D52F19B003F3009BA59F /* libTestFlight.a in Frameworks */ = {isa = PBXBuildFile; fileRef = CC77D52919B003F3009BA59F /* libTestFlight.a */; };
		CC77D53019B003F3009BA59F /* README.md in Resources */ = {isa = PBXBuildFile; fileRef = CC77D52A19B003F3009BA59F /* README.md */; };
		CC77D53119B003F3009BA59F /* release_notes.md in Resources */ = {isa = PBXBuildFile; fileRef = CC77D52B19B003F3009BA59F /* release_notes.md */; };
		CC77D53519B00419009BA59F /* libProj4.a in Frameworks */ = {isa = PBXBuildFile; fileRef = CC77D53419B00419009BA59F /* libProj4.a */; };
		CC77D53719B00876009BA59F /* CoreLocation.framework in Frameworks */ = {isa = PBXBuildFile; fileRef = CC77D53619B00876009BA59F /* CoreLocation.framework */; };
		CC77D53919B00DB9009BA59F /* libz.dylib in Frameworks */ = {isa = PBXBuildFile; fileRef = CC77D53819B00DB9009BA59F /* libz.dylib */; };
		CC77D53C19B02740009BA59F /* arrowLong.png in Resources */ = {isa = PBXBuildFile; fileRef = CC77D53B19B02740009BA59F /* arrowLong.png */; };
		CC78A53F19C25BFB00C73E59 /* configuration.plist in Resources */ = {isa = PBXBuildFile; fileRef = CC78A53E19C25BFB00C73E59 /* configuration.plist */; };
		CC78A54719C267EF00C73E59 /* SystemConfiguration.framework in Frameworks */ = {isa = PBXBuildFile; fileRef = CC78A54619C267EF00C73E59 /* SystemConfiguration.framework */; };
		CC78A54D19C2682A00C73E59 /* AudioToolbox.framework in Frameworks */ = {isa = PBXBuildFile; fileRef = CC78A54C19C2682A00C73E59 /* AudioToolbox.framework */; };
		CC78A54F19C2683600C73E59 /* CoreMedia.framework in Frameworks */ = {isa = PBXBuildFile; fileRef = CC78A54E19C2683600C73E59 /* CoreMedia.framework */; };
		CC78A55119C2684400C73E59 /* CoreVideo.framework in Frameworks */ = {isa = PBXBuildFile; fileRef = CC78A55019C2684400C73E59 /* CoreVideo.framework */; };
		CC78A55319C268BB00C73E59 /* QuartzCore.framework in Frameworks */ = {isa = PBXBuildFile; fileRef = CC78A55219C268BB00C73E59 /* QuartzCore.framework */; };
		CC78A55B19C26B4500C73E59 /* configuration.plist.example in Resources */ = {isa = PBXBuildFile; fileRef = CC78A55A19C26B4500C73E59 /* configuration.plist.example */; };
		CC9FD32A1A2C13F90037DD43 /* Quickblox.framework in Frameworks */ = {isa = PBXBuildFile; fileRef = CCD2DDB019EE1AEF0029BD6C /* Quickblox.framework */; };
		CC9FD32C1A2C143F0037DD43 /* libxml2.dylib in Frameworks */ = {isa = PBXBuildFile; fileRef = CC9FD32B1A2C143F0037DD43 /* libxml2.dylib */; };
		CCA397D219B5303D00754BEB /* Accelerate.framework in Frameworks */ = {isa = PBXBuildFile; fileRef = CCA397D019B529B000754BEB /* Accelerate.framework */; };
		CCA397E219B6A00B00754BEB /* geodesic.c in Sources */ = {isa = PBXBuildFile; fileRef = CCA397E119B6A00B00754BEB /* geodesic.c */; };
		CCBF45411A76CA88005E2750 /* KPAnnotation.m in Sources */ = {isa = PBXBuildFile; fileRef = CCBF45331A76CA88005E2750 /* KPAnnotation.m */; };
		CCBF45421A76CA88005E2750 /* KPAnnotationTree.m in Sources */ = {isa = PBXBuildFile; fileRef = CCBF45351A76CA88005E2750 /* KPAnnotationTree.m */; };
		CCBF45431A76CA88005E2750 /* KPClusteringController.m in Sources */ = {isa = PBXBuildFile; fileRef = CCBF45391A76CA88005E2750 /* KPClusteringController.m */; };
		CCBF45441A76CA88005E2750 /* KPGridClusteringAlgorithm.m in Sources */ = {isa = PBXBuildFile; fileRef = CCBF453C1A76CA88005E2750 /* KPGridClusteringAlgorithm.m */; };
		CCBF45451A76CA88005E2750 /* NSArray+KP.m in Sources */ = {isa = PBXBuildFile; fileRef = CCBF45401A76CA88005E2750 /* NSArray+KP.m */; };
		CCBF454B1A76DA14005E2750 /* eddaClusterAnnotationView.m in Sources */ = {isa = PBXBuildFile; fileRef = CCBF454A1A76DA14005E2750 /* eddaClusterAnnotationView.m */; };
		CCD2DDB419EE1F140029BD6C /* QBHelper.m in Sources */ = {isa = PBXBuildFile; fileRef = CCD2DDB319EE1F140029BD6C /* QBHelper.m */; };
		CCD596311A759BBB0094E2EA /* default.png in Resources */ = {isa = PBXBuildFile; fileRef = CCD5962E1A759BBB0094E2EA /* default.png */; };
		CCD596321A759BBB0094E2EA /* hangup.mp3 in Resources */ = {isa = PBXBuildFile; fileRef = CCD5962F1A759BBB0094E2EA /* hangup.mp3 */; };
		CCD596331A759BBB0094E2EA /* rechaza.mp3 in Resources */ = {isa = PBXBuildFile; fileRef = CCD596301A759BBB0094E2EA /* rechaza.mp3 */; };
		CCD596351A759C7C0094E2EA /* Launch Screen.xib in Resources */ = {isa = PBXBuildFile; fileRef = CCD596341A759C7C0094E2EA /* Launch Screen.xib */; };
		CCD596371A75A03E0094E2EA /* splash-icon.png in Resources */ = {isa = PBXBuildFile; fileRef = CCD596361A75A03E0094E2EA /* splash-icon.png */; };
		CCD5963F1A75A7680094E2EA /* eddaInfoViewController.m in Sources */ = {isa = PBXBuildFile; fileRef = CCD5963E1A75A7680094E2EA /* eddaInfoViewController.m */; };
		CCD596491A75BEE50094E2EA /* info.html in Resources */ = {isa = PBXBuildFile; fileRef = CCD596481A75BEE50094E2EA /* info.html */; };
		CCD5964D1A75C4CF0094E2EA /* info-exit.png in Resources */ = {isa = PBXBuildFile; fileRef = CCD5964C1A75C4CF0094E2EA /* info-exit.png */; };
		CCD596521A75DBE50094E2EA /* info-enter.png in Resources */ = {isa = PBXBuildFile; fileRef = CCD596511A75DBE50094E2EA /* info-enter.png */; };
		CCD6D67B19EC74FD0060DBAE /* CFNetwork.framework in Frameworks */ = {isa = PBXBuildFile; fileRef = CC78A54419C267E300C73E59 /* CFNetwork.framework */; };
		CCD6D67C19EC75160060DBAE /* MobileCoreServices.framework in Frameworks */ = {isa = PBXBuildFile; fileRef = CC78A54819C2680700C73E59 /* MobileCoreServices.framework */; };
		CCD6D67D19EC75300060DBAE /* CoreData.framework in Frameworks */ = {isa = PBXBuildFile; fileRef = CC78A54A19C2681D00C73E59 /* CoreData.framework */; };
		CCD6D67E19EC75590060DBAE /* Security.framework in Frameworks */ = {isa = PBXBuildFile; fileRef = CC78A55419C268C500C73E59 /* Security.framework */; };
		CCD6D68019EC756A0060DBAE /* libresolv.dylib in Frameworks */ = {isa = PBXBuildFile; fileRef = CCD6D67F19EC756A0060DBAE /* libresolv.dylib */; };
		CCE1DB921A3E2ADD00119867 /* EXTRuntimeExtensions.m in Sources */ = {isa = PBXBuildFile; fileRef = CCE1DB8C1A3E2ADD00119867 /* EXTRuntimeExtensions.m */; };
		CCE1DB931A3E2ADD00119867 /* EXTScope.m in Sources */ = {isa = PBXBuildFile; fileRef = CCE1DB8E1A3E2ADD00119867 /* EXTScope.m */; };
		CCFFAF5F19CF9782008555A1 /* AppIcon29x29.png in Resources */ = {isa = PBXBuildFile; fileRef = CCFFAF4F19CF9782008555A1 /* AppIcon29x29.png */; };
		CCFFAF6019CF9782008555A1 /* AppIcon29x29@2x.png in Resources */ = {isa = PBXBuildFile; fileRef = CCFFAF5019CF9782008555A1 /* AppIcon29x29@2x.png */; };
		CCFFAF6119CF9782008555A1 /* AppIcon40x40.png in Resources */ = {isa = PBXBuildFile; fileRef = CCFFAF5119CF9782008555A1 /* AppIcon40x40.png */; };
		CCFFAF6219CF9782008555A1 /* AppIcon40x40@2x.png in Resources */ = {isa = PBXBuildFile; fileRef = CCFFAF5219CF9782008555A1 /* AppIcon40x40@2x.png */; };
		CCFFAF6319CF9782008555A1 /* AppIcon50x50.png in Resources */ = {isa = PBXBuildFile; fileRef = CCFFAF5319CF9782008555A1 /* AppIcon50x50.png */; };
		CCFFAF6419CF9782008555A1 /* AppIcon50x50@2x.png in Resources */ = {isa = PBXBuildFile; fileRef = CCFFAF5419CF9782008555A1 /* AppIcon50x50@2x.png */; };
		CCFFAF6519CF9782008555A1 /* AppIcon57x57.png in Resources */ = {isa = PBXBuildFile; fileRef = CCFFAF5519CF9782008555A1 /* AppIcon57x57.png */; };
		CCFFAF6619CF9782008555A1 /* AppIcon57x57@2x.png in Resources */ = {isa = PBXBuildFile; fileRef = CCFFAF5619CF9782008555A1 /* AppIcon57x57@2x.png */; };
		CCFFAF6719CF9782008555A1 /* AppIcon60x60.png in Resources */ = {isa = PBXBuildFile; fileRef = CCFFAF5719CF9782008555A1 /* AppIcon60x60.png */; };
		CCFFAF6819CF9782008555A1 /* AppIcon60x60@2x.png in Resources */ = {isa = PBXBuildFile; fileRef = CCFFAF5819CF9782008555A1 /* AppIcon60x60@2x.png */; };
		CCFFAF6919CF9782008555A1 /* AppIcon72x72.png in Resources */ = {isa = PBXBuildFile; fileRef = CCFFAF5919CF9782008555A1 /* AppIcon72x72.png */; };
		CCFFAF6A19CF9782008555A1 /* AppIcon72x72@2x.png in Resources */ = {isa = PBXBuildFile; fileRef = CCFFAF5A19CF9782008555A1 /* AppIcon72x72@2x.png */; };
		CCFFAF6B19CF9782008555A1 /* AppIcon76x76.png in Resources */ = {isa = PBXBuildFile; fileRef = CCFFAF5B19CF9782008555A1 /* AppIcon76x76.png */; };
		CCFFAF6C19CF9782008555A1 /* AppIcon76x76@2x.png in Resources */ = {isa = PBXBuildFile; fileRef = CCFFAF5C19CF9782008555A1 /* AppIcon76x76@2x.png */; };
		CCFFAF6D19CF9782008555A1 /* iTunesArtwork.png in Resources */ = {isa = PBXBuildFile; fileRef = CCFFAF5D19CF9782008555A1 /* iTunesArtwork.png */; };
		CCFFAF6E19CF9782008555A1 /* iTunesArtwork@2x.png in Resources */ = {isa = PBXBuildFile; fileRef = CCFFAF5E19CF9782008555A1 /* iTunesArtwork@2x.png */; };
/* End PBXBuildFile section */

/* Begin PBXFileReference section */
		CC09289619DB9FD500B358F2 /* AppIcon180x180.png */ = {isa = PBXFileReference; lastKnownFileType = image.png; name = AppIcon180x180.png; path = edda/icons/AppIcon180x180.png; sourceTree = "<group>"; };
		CC09289719DB9FD500B358F2 /* AppIcon180x180@2x.png */ = {isa = PBXFileReference; lastKnownFileType = image.png; name = "AppIcon180x180@2x.png"; path = "edda/icons/AppIcon180x180@2x.png"; sourceTree = "<group>"; };
		CC3F1BEB19BD499800F6AD43 /* eddaOtherView.h */ = {isa = PBXFileReference; fileEncoding = 4; lastKnownFileType = sourcecode.c.h; path = eddaOtherView.h; sourceTree = "<group>"; };
		CC3F1BEC19BD499800F6AD43 /* eddaOtherView.m */ = {isa = PBXFileReference; fileEncoding = 4; lastKnownFileType = sourcecode.c.objc; path = eddaOtherView.m; sourceTree = "<group>"; };
		CC3F1C1219BE8D4D00F6AD43 /* utils.h */ = {isa = PBXFileReference; lastKnownFileType = sourcecode.c.h; path = utils.h; sourceTree = "<group>"; };
		CC3F1C1319BE8ECB00F6AD43 /* utils.cpp */ = {isa = PBXFileReference; fileEncoding = 4; lastKnownFileType = sourcecode.cpp.cpp; path = utils.cpp; sourceTree = "<group>"; };
		CC40DE2D19B813A000E86968 /* AVFoundation.framework */ = {isa = PBXFileReference; lastKnownFileType = wrapper.framework; name = AVFoundation.framework; path = System/Library/Frameworks/AVFoundation.framework; sourceTree = SDKROOT; };
		CC40DE3219B8271300E86968 /* arrow.png */ = {isa = PBXFileReference; lastKnownFileType = image.png; path = arrow.png; sourceTree = "<group>"; };
		CC40DE3319B8271300E86968 /* arrow@2x.png */ = {isa = PBXFileReference; lastKnownFileType = image.png; path = "arrow@2x.png"; sourceTree = "<group>"; };
		CC450F671A744C9800CC195B /* MapKit.framework */ = {isa = PBXFileReference; lastKnownFileType = wrapper.framework; name = MapKit.framework; path = System/Library/Frameworks/MapKit.framework; sourceTree = SDKROOT; };
		CC450F691A745BFB00CC195B /* call.pdf */ = {isa = PBXFileReference; lastKnownFileType = image.pdf; path = call.pdf; sourceTree = "<group>"; };
		CC450F861A7482D600CC195B /* eddaMapAnnotation.h */ = {isa = PBXFileReference; fileEncoding = 4; lastKnownFileType = sourcecode.c.h; path = eddaMapAnnotation.h; sourceTree = "<group>"; };
		CC450F871A7482D600CC195B /* eddaMapAnnotation.m */ = {isa = PBXFileReference; fileEncoding = 4; lastKnownFileType = sourcecode.c.objc; path = eddaMapAnnotation.m; sourceTree = "<group>"; };
		CC4B70721A6C784D0016257C /* GLKit.framework */ = {isa = PBXFileReference; lastKnownFileType = wrapper.framework; name = GLKit.framework; path = System/Library/Frameworks/GLKit.framework; sourceTree = SDKROOT; };
		CC4B70811A6C8A0A0016257C /* OpenGLES.framework */ = {isa = PBXFileReference; lastKnownFileType = wrapper.framework; name = OpenGLES.framework; path = System/Library/Frameworks/OpenGLES.framework; sourceTree = SDKROOT; };
		CC5989C81A6B01DE0047D119 /* home.jpg */ = {isa = PBXFileReference; lastKnownFileType = image.jpeg; path = home.jpg; sourceTree = "<group>"; };
		CC5989CA1A6B042C0047D119 /* info.jpg */ = {isa = PBXFileReference; lastKnownFileType = image.jpeg; path = info.jpg; sourceTree = "<group>"; };
		CC5989CC1A6B05230047D119 /* home-info.jpg */ = {isa = PBXFileReference; lastKnownFileType = image.jpeg; path = "home-info.jpg"; sourceTree = "<group>"; };
		CC5989E21A6B0D920047D119 /* default-375w-667h@2x.png */ = {isa = PBXFileReference; lastKnownFileType = image.png; path = "default-375w-667h@2x.png"; sourceTree = "<group>"; };
		CC5989E31A6B0D920047D119 /* default-414w-736h@3x.png */ = {isa = PBXFileReference; lastKnownFileType = image.png; path = "default-414w-736h@3x.png"; sourceTree = "<group>"; };
		CC5989E61A6B0E470047D119 /* default-5@2x.png */ = {isa = PBXFileReference; lastKnownFileType = image.png; path = "default-5@2x.png"; sourceTree = "<group>"; };
		CC5989E71A6B0E470047D119 /* default@2x.png */ = {isa = PBXFileReference; lastKnownFileType = image.png; path = "default@2x.png"; sourceTree = "<group>"; };
		CC5989EB1A6B33BE0047D119 /* Zen_mg_JFK_LO_short.wav */ = {isa = PBXFileReference; lastKnownFileType = audio.wav; path = Zen_mg_JFK_LO_short.wav; sourceTree = "<group>"; };
		CC5B4F9519D8D67B001BA61D /* LSViewController.h */ = {isa = PBXFileReference; fileEncoding = 4; lastKnownFileType = sourcecode.c.h; path = LSViewController.h; sourceTree = "<group>"; };
		CC5B4F9619D8D67B001BA61D /* LSViewController.m */ = {isa = PBXFileReference; fileEncoding = 4; lastKnownFileType = sourcecode.c.objc; path = LSViewController.m; sourceTree = "<group>"; };
		CC7329CF19B6D899005FEC7D /* CoreMotion.framework */ = {isa = PBXFileReference; lastKnownFileType = wrapper.framework; name = CoreMotion.framework; path = System/Library/Frameworks/CoreMotion.framework; sourceTree = SDKROOT; };
		CC77D4ED19B003E8009BA59F /* Edda.app */ = {isa = PBXFileReference; explicitFileType = wrapper.application; includeInIndex = 0; path = Edda.app; sourceTree = BUILT_PRODUCTS_DIR; };
		CC77D4F019B003E8009BA59F /* Foundation.framework */ = {isa = PBXFileReference; lastKnownFileType = wrapper.framework; name = Foundation.framework; path = System/Library/Frameworks/Foundation.framework; sourceTree = SDKROOT; };
		CC77D4F219B003E8009BA59F /* CoreGraphics.framework */ = {isa = PBXFileReference; lastKnownFileType = wrapper.framework; name = CoreGraphics.framework; path = System/Library/Frameworks/CoreGraphics.framework; sourceTree = SDKROOT; };
		CC77D4F419B003E8009BA59F /* UIKit.framework */ = {isa = PBXFileReference; lastKnownFileType = wrapper.framework; name = UIKit.framework; path = System/Library/Frameworks/UIKit.framework; sourceTree = SDKROOT; };
		CC77D4F819B003E8009BA59F /* Edda-Info.plist */ = {isa = PBXFileReference; lastKnownFileType = text.plist.xml; path = "Edda-Info.plist"; sourceTree = "<group>"; };
		CC77D4FA19B003E8009BA59F /* en */ = {isa = PBXFileReference; lastKnownFileType = text.plist.strings; name = en; path = en.lproj/InfoPlist.strings; sourceTree = "<group>"; };
		CC77D4FC19B003E8009BA59F /* main.m */ = {isa = PBXFileReference; lastKnownFileType = sourcecode.c.objc; path = main.m; sourceTree = "<group>"; };
		CC77D4FE19B003E8009BA59F /* Edda-Prefix.pch */ = {isa = PBXFileReference; lastKnownFileType = sourcecode.c.h; path = "Edda-Prefix.pch"; sourceTree = "<group>"; };
		CC77D4FF19B003E8009BA59F /* eddaAppDelegate.h */ = {isa = PBXFileReference; lastKnownFileType = sourcecode.c.h; path = eddaAppDelegate.h; sourceTree = "<group>"; };
		CC77D50019B003E8009BA59F /* eddaAppDelegate.m */ = {isa = PBXFileReference; lastKnownFileType = sourcecode.c.objc; path = eddaAppDelegate.m; sourceTree = "<group>"; };
		CC77D50319B003E8009BA59F /* Base */ = {isa = PBXFileReference; lastKnownFileType = file.storyboard; name = Base; path = Base.lproj/Main.storyboard; sourceTree = "<group>"; };
		CC77D50519B003E8009BA59F /* eddaMainViewController.h */ = {isa = PBXFileReference; lastKnownFileType = sourcecode.c.h; path = eddaMainViewController.h; sourceTree = "<group>"; };
		CC77D50619B003E8009BA59F /* eddaMainViewController.m */ = {isa = PBXFileReference; lastKnownFileType = sourcecode.c.objc; path = eddaMainViewController.m; sourceTree = "<group>"; };
		CC77D50819B003E8009BA59F /* eddaFlipsideViewController.h */ = {isa = PBXFileReference; lastKnownFileType = sourcecode.c.h; path = eddaFlipsideViewController.h; sourceTree = "<group>"; };
		CC77D50919B003E8009BA59F /* eddaFlipsideViewController.m */ = {isa = PBXFileReference; lastKnownFileType = sourcecode.c.objc; path = eddaFlipsideViewController.m; sourceTree = "<group>"; };
		CC77D50B19B003E8009BA59F /* Images.xcassets */ = {isa = PBXFileReference; lastKnownFileType = folder.assetcatalog; path = Images.xcassets; sourceTree = "<group>"; };
		CC77D52919B003F3009BA59F /* libTestFlight.a */ = {isa = PBXFileReference; lastKnownFileType = archive.ar; path = libTestFlight.a; sourceTree = "<group>"; };
		CC77D52A19B003F3009BA59F /* README.md */ = {isa = PBXFileReference; fileEncoding = 4; lastKnownFileType = text; path = README.md; sourceTree = "<group>"; };
		CC77D52B19B003F3009BA59F /* release_notes.md */ = {isa = PBXFileReference; fileEncoding = 4; lastKnownFileType = text; path = release_notes.md; sourceTree = "<group>"; };
		CC77D52C19B003F3009BA59F /* TestFlight+AsyncLogging.h */ = {isa = PBXFileReference; fileEncoding = 4; lastKnownFileType = sourcecode.c.h; path = "TestFlight+AsyncLogging.h"; sourceTree = "<group>"; };
		CC77D52D19B003F3009BA59F /* TestFlight+ManualSessions.h */ = {isa = PBXFileReference; fileEncoding = 4; lastKnownFileType = sourcecode.c.h; path = "TestFlight+ManualSessions.h"; sourceTree = "<group>"; };
		CC77D52E19B003F3009BA59F /* TestFlight.h */ = {isa = PBXFileReference; fileEncoding = 4; lastKnownFileType = sourcecode.c.h; path = TestFlight.h; sourceTree = "<group>"; };
		CC77D53319B00419009BA59F /* proj_api.h */ = {isa = PBXFileReference; fileEncoding = 4; lastKnownFileType = sourcecode.c.h; path = proj_api.h; sourceTree = "<group>"; };
		CC77D53419B00419009BA59F /* libProj4.a */ = {isa = PBXFileReference; lastKnownFileType = archive.ar; path = libProj4.a; sourceTree = "<group>"; };
		CC77D53619B00876009BA59F /* CoreLocation.framework */ = {isa = PBXFileReference; lastKnownFileType = wrapper.framework; name = CoreLocation.framework; path = System/Library/Frameworks/CoreLocation.framework; sourceTree = SDKROOT; };
		CC77D53819B00DB9009BA59F /* libz.dylib */ = {isa = PBXFileReference; lastKnownFileType = "compiled.mach-o.dylib"; name = libz.dylib; path = usr/lib/libz.dylib; sourceTree = SDKROOT; };
		CC77D53B19B02740009BA59F /* arrowLong.png */ = {isa = PBXFileReference; lastKnownFileType = image.png; path = arrowLong.png; sourceTree = "<group>"; };
		CC78A53E19C25BFB00C73E59 /* configuration.plist */ = {isa = PBXFileReference; fileEncoding = 4; lastKnownFileType = text.plist.xml; path = configuration.plist; sourceTree = "<group>"; };
		CC78A54419C267E300C73E59 /* CFNetwork.framework */ = {isa = PBXFileReference; lastKnownFileType = wrapper.framework; name = CFNetwork.framework; path = System/Library/Frameworks/CFNetwork.framework; sourceTree = SDKROOT; };
		CC78A54619C267EF00C73E59 /* SystemConfiguration.framework */ = {isa = PBXFileReference; lastKnownFileType = wrapper.framework; name = SystemConfiguration.framework; path = System/Library/Frameworks/SystemConfiguration.framework; sourceTree = SDKROOT; };
		CC78A54819C2680700C73E59 /* MobileCoreServices.framework */ = {isa = PBXFileReference; lastKnownFileType = wrapper.framework; name = MobileCoreServices.framework; path = System/Library/Frameworks/MobileCoreServices.framework; sourceTree = SDKROOT; };
		CC78A54A19C2681D00C73E59 /* CoreData.framework */ = {isa = PBXFileReference; lastKnownFileType = wrapper.framework; name = CoreData.framework; path = System/Library/Frameworks/CoreData.framework; sourceTree = SDKROOT; };
		CC78A54C19C2682A00C73E59 /* AudioToolbox.framework */ = {isa = PBXFileReference; lastKnownFileType = wrapper.framework; name = AudioToolbox.framework; path = System/Library/Frameworks/AudioToolbox.framework; sourceTree = SDKROOT; };
		CC78A54E19C2683600C73E59 /* CoreMedia.framework */ = {isa = PBXFileReference; lastKnownFileType = wrapper.framework; name = CoreMedia.framework; path = System/Library/Frameworks/CoreMedia.framework; sourceTree = SDKROOT; };
		CC78A55019C2684400C73E59 /* CoreVideo.framework */ = {isa = PBXFileReference; lastKnownFileType = wrapper.framework; name = CoreVideo.framework; path = System/Library/Frameworks/CoreVideo.framework; sourceTree = SDKROOT; };
		CC78A55219C268BB00C73E59 /* QuartzCore.framework */ = {isa = PBXFileReference; lastKnownFileType = wrapper.framework; name = QuartzCore.framework; path = System/Library/Frameworks/QuartzCore.framework; sourceTree = SDKROOT; };
		CC78A55419C268C500C73E59 /* Security.framework */ = {isa = PBXFileReference; lastKnownFileType = wrapper.framework; name = Security.framework; path = System/Library/Frameworks/Security.framework; sourceTree = SDKROOT; };
		CC78A55A19C26B4500C73E59 /* configuration.plist.example */ = {isa = PBXFileReference; fileEncoding = 4; lastKnownFileType = text.xml; path = configuration.plist.example; sourceTree = "<group>"; };
		CC9FD32B1A2C143F0037DD43 /* libxml2.dylib */ = {isa = PBXFileReference; lastKnownFileType = "compiled.mach-o.dylib"; name = libxml2.dylib; path = usr/lib/libxml2.dylib; sourceTree = SDKROOT; };
		CCA397D019B529B000754BEB /* Accelerate.framework */ = {isa = PBXFileReference; lastKnownFileType = wrapper.framework; name = Accelerate.framework; path = System/Library/Frameworks/Accelerate.framework; sourceTree = SDKROOT; };
		CCA397D919B6987A00754BEB /* geodesic.h */ = {isa = PBXFileReference; fileEncoding = 4; lastKnownFileType = sourcecode.c.h; path = geodesic.h; sourceTree = "<group>"; };
		CCA397E119B6A00B00754BEB /* geodesic.c */ = {isa = PBXFileReference; fileEncoding = 4; lastKnownFileType = sourcecode.c.c; path = geodesic.c; sourceTree = "<group>"; };
		CCBF45311A76CA88005E2750 /* kp_2dtree.h */ = {isa = PBXFileReference; fileEncoding = 4; lastKnownFileType = sourcecode.c.h; path = kp_2dtree.h; sourceTree = "<group>"; };
		CCBF45321A76CA88005E2750 /* KPAnnotation.h */ = {isa = PBXFileReference; fileEncoding = 4; lastKnownFileType = sourcecode.c.h; path = KPAnnotation.h; sourceTree = "<group>"; };
		CCBF45331A76CA88005E2750 /* KPAnnotation.m */ = {isa = PBXFileReference; fileEncoding = 4; lastKnownFileType = sourcecode.c.objc; path = KPAnnotation.m; sourceTree = "<group>"; };
		CCBF45341A76CA88005E2750 /* KPAnnotationTree.h */ = {isa = PBXFileReference; fileEncoding = 4; lastKnownFileType = sourcecode.c.h; path = KPAnnotationTree.h; sourceTree = "<group>"; };
		CCBF45351A76CA88005E2750 /* KPAnnotationTree.m */ = {isa = PBXFileReference; fileEncoding = 4; lastKnownFileType = sourcecode.c.objc; path = KPAnnotationTree.m; sourceTree = "<group>"; };
		CCBF45361A76CA88005E2750 /* KPAnnotationTree_Private.h */ = {isa = PBXFileReference; fileEncoding = 4; lastKnownFileType = sourcecode.c.h; path = KPAnnotationTree_Private.h; sourceTree = "<group>"; };
		CCBF45371A76CA88005E2750 /* KPClusteringAlgorithm.h */ = {isa = PBXFileReference; fileEncoding = 4; lastKnownFileType = sourcecode.c.h; path = KPClusteringAlgorithm.h; sourceTree = "<group>"; };
		CCBF45381A76CA88005E2750 /* KPClusteringController.h */ = {isa = PBXFileReference; fileEncoding = 4; lastKnownFileType = sourcecode.c.h; path = KPClusteringController.h; sourceTree = "<group>"; };
		CCBF45391A76CA88005E2750 /* KPClusteringController.m */ = {isa = PBXFileReference; fileEncoding = 4; lastKnownFileType = sourcecode.c.objc; path = KPClusteringController.m; sourceTree = "<group>"; };
		CCBF453A1A76CA88005E2750 /* KPGeometry.h */ = {isa = PBXFileReference; fileEncoding = 4; lastKnownFileType = sourcecode.c.h; path = KPGeometry.h; sourceTree = "<group>"; };
		CCBF453B1A76CA88005E2750 /* KPGridClusteringAlgorithm.h */ = {isa = PBXFileReference; fileEncoding = 4; lastKnownFileType = sourcecode.c.h; path = KPGridClusteringAlgorithm.h; sourceTree = "<group>"; };
		CCBF453C1A76CA88005E2750 /* KPGridClusteringAlgorithm.m */ = {isa = PBXFileReference; fileEncoding = 4; lastKnownFileType = sourcecode.c.objc; path = KPGridClusteringAlgorithm.m; sourceTree = "<group>"; };
		CCBF453D1A76CA88005E2750 /* KPGridClusteringAlgorithm_Private.h */ = {isa = PBXFileReference; fileEncoding = 4; lastKnownFileType = sourcecode.c.h; path = KPGridClusteringAlgorithm_Private.h; sourceTree = "<group>"; };
		CCBF453E1A76CA88005E2750 /* KPGridClusteringAlgorithmDelegate.h */ = {isa = PBXFileReference; fileEncoding = 4; lastKnownFileType = sourcecode.c.h; path = KPGridClusteringAlgorithmDelegate.h; sourceTree = "<group>"; };
		CCBF453F1A76CA88005E2750 /* NSArray+KP.h */ = {isa = PBXFileReference; fileEncoding = 4; lastKnownFileType = sourcecode.c.h; path = "NSArray+KP.h"; sourceTree = "<group>"; };
		CCBF45401A76CA88005E2750 /* NSArray+KP.m */ = {isa = PBXFileReference; fileEncoding = 4; lastKnownFileType = sourcecode.c.objc; path = "NSArray+KP.m"; sourceTree = "<group>"; };
		CCBF45491A76DA14005E2750 /* eddaClusterAnnotationView.h */ = {isa = PBXFileReference; fileEncoding = 4; lastKnownFileType = sourcecode.c.h; path = eddaClusterAnnotationView.h; sourceTree = "<group>"; };
		CCBF454A1A76DA14005E2750 /* eddaClusterAnnotationView.m */ = {isa = PBXFileReference; fileEncoding = 4; lastKnownFileType = sourcecode.c.objc; path = eddaClusterAnnotationView.m; sourceTree = "<group>"; };
		CCD2DDB019EE1AEF0029BD6C /* Quickblox.framework */ = {isa = PBXFileReference; lastKnownFileType = wrapper.framework; name = Quickblox.framework; path = "../../../stuff/xcode/quickblox-ios-sdk-master/Framework/Quickblox.framework"; sourceTree = "<group>"; };
		CCD2DDB219EE1F140029BD6C /* QBHelper.h */ = {isa = PBXFileReference; fileEncoding = 4; lastKnownFileType = sourcecode.c.h; path = QBHelper.h; sourceTree = "<group>"; };
		CCD2DDB319EE1F140029BD6C /* QBHelper.m */ = {isa = PBXFileReference; fileEncoding = 4; lastKnownFileType = sourcecode.c.objc; path = QBHelper.m; sourceTree = "<group>"; };
		CCD5962E1A759BBB0094E2EA /* default.png */ = {isa = PBXFileReference; lastKnownFileType = image.png; path = default.png; sourceTree = "<group>"; };
		CCD5962F1A759BBB0094E2EA /* hangup.mp3 */ = {isa = PBXFileReference; lastKnownFileType = audio.mp3; path = hangup.mp3; sourceTree = "<group>"; };
		CCD596301A759BBB0094E2EA /* rechaza.mp3 */ = {isa = PBXFileReference; lastKnownFileType = audio.mp3; path = rechaza.mp3; sourceTree = "<group>"; };
		CCD596341A759C7C0094E2EA /* Launch Screen.xib */ = {isa = PBXFileReference; fileEncoding = 4; lastKnownFileType = file.xib; path = "Launch Screen.xib"; sourceTree = "<group>"; };
		CCD596361A75A03E0094E2EA /* splash-icon.png */ = {isa = PBXFileReference; lastKnownFileType = image.png; path = "splash-icon.png"; sourceTree = "<group>"; };
		CCD5963D1A75A7680094E2EA /* eddaInfoViewController.h */ = {isa = PBXFileReference; fileEncoding = 4; lastKnownFileType = sourcecode.c.h; path = eddaInfoViewController.h; sourceTree = "<group>"; };
		CCD5963E1A75A7680094E2EA /* eddaInfoViewController.m */ = {isa = PBXFileReference; fileEncoding = 4; lastKnownFileType = sourcecode.c.objc; path = eddaInfoViewController.m; sourceTree = "<group>"; };
		CCD596481A75BEE50094E2EA /* info.html */ = {isa = PBXFileReference; fileEncoding = 4; lastKnownFileType = text.html; path = info.html; sourceTree = "<group>"; };
		CCD5964C1A75C4CF0094E2EA /* info-exit.png */ = {isa = PBXFileReference; lastKnownFileType = image.png; path = "info-exit.png"; sourceTree = "<group>"; };
		CCD596511A75DBE50094E2EA /* info-enter.png */ = {isa = PBXFileReference; lastKnownFileType = image.png; path = "info-enter.png"; sourceTree = "<group>"; };
		CCD6D67F19EC756A0060DBAE /* libresolv.dylib */ = {isa = PBXFileReference; lastKnownFileType = "compiled.mach-o.dylib"; name = libresolv.dylib; path = usr/lib/libresolv.dylib; sourceTree = SDKROOT; };
		CCD6D68119EC75740060DBAE /* libxml2.2.dylib */ = {isa = PBXFileReference; lastKnownFileType = "compiled.mach-o.dylib"; name = libxml2.2.dylib; path = usr/lib/libxml2.2.dylib; sourceTree = SDKROOT; };
		CCE1DB8B1A3E2ADD00119867 /* EXTRuntimeExtensions.h */ = {isa = PBXFileReference; fileEncoding = 4; lastKnownFileType = sourcecode.c.h; path = EXTRuntimeExtensions.h; sourceTree = "<group>"; };
		CCE1DB8C1A3E2ADD00119867 /* EXTRuntimeExtensions.m */ = {isa = PBXFileReference; fileEncoding = 4; lastKnownFileType = sourcecode.c.objc; path = EXTRuntimeExtensions.m; sourceTree = "<group>"; };
		CCE1DB8D1A3E2ADD00119867 /* EXTScope.h */ = {isa = PBXFileReference; fileEncoding = 4; lastKnownFileType = sourcecode.c.h; path = EXTScope.h; sourceTree = "<group>"; };
		CCE1DB8E1A3E2ADD00119867 /* EXTScope.m */ = {isa = PBXFileReference; fileEncoding = 4; lastKnownFileType = sourcecode.c.objc; path = EXTScope.m; sourceTree = "<group>"; };
		CCE1DB8F1A3E2ADD00119867 /* metamacros.h */ = {isa = PBXFileReference; fileEncoding = 4; lastKnownFileType = sourcecode.c.h; path = metamacros.h; sourceTree = "<group>"; };
		CCFFAF4F19CF9782008555A1 /* AppIcon29x29.png */ = {isa = PBXFileReference; lastKnownFileType = image.png; name = AppIcon29x29.png; path = edda/icons/AppIcon29x29.png; sourceTree = "<group>"; };
		CCFFAF5019CF9782008555A1 /* AppIcon29x29@2x.png */ = {isa = PBXFileReference; lastKnownFileType = image.png; name = "AppIcon29x29@2x.png"; path = "edda/icons/AppIcon29x29@2x.png"; sourceTree = "<group>"; };
		CCFFAF5119CF9782008555A1 /* AppIcon40x40.png */ = {isa = PBXFileReference; lastKnownFileType = image.png; name = AppIcon40x40.png; path = edda/icons/AppIcon40x40.png; sourceTree = "<group>"; };
		CCFFAF5219CF9782008555A1 /* AppIcon40x40@2x.png */ = {isa = PBXFileReference; lastKnownFileType = image.png; name = "AppIcon40x40@2x.png"; path = "edda/icons/AppIcon40x40@2x.png"; sourceTree = "<group>"; };
		CCFFAF5319CF9782008555A1 /* AppIcon50x50.png */ = {isa = PBXFileReference; lastKnownFileType = image.png; name = AppIcon50x50.png; path = edda/icons/AppIcon50x50.png; sourceTree = "<group>"; };
		CCFFAF5419CF9782008555A1 /* AppIcon50x50@2x.png */ = {isa = PBXFileReference; lastKnownFileType = image.png; name = "AppIcon50x50@2x.png"; path = "edda/icons/AppIcon50x50@2x.png"; sourceTree = "<group>"; };
		CCFFAF5519CF9782008555A1 /* AppIcon57x57.png */ = {isa = PBXFileReference; lastKnownFileType = image.png; name = AppIcon57x57.png; path = edda/icons/AppIcon57x57.png; sourceTree = "<group>"; };
		CCFFAF5619CF9782008555A1 /* AppIcon57x57@2x.png */ = {isa = PBXFileReference; lastKnownFileType = image.png; name = "AppIcon57x57@2x.png"; path = "edda/icons/AppIcon57x57@2x.png"; sourceTree = "<group>"; };
		CCFFAF5719CF9782008555A1 /* AppIcon60x60.png */ = {isa = PBXFileReference; lastKnownFileType = image.png; name = AppIcon60x60.png; path = edda/icons/AppIcon60x60.png; sourceTree = "<group>"; };
		CCFFAF5819CF9782008555A1 /* AppIcon60x60@2x.png */ = {isa = PBXFileReference; lastKnownFileType = image.png; name = "AppIcon60x60@2x.png"; path = "edda/icons/AppIcon60x60@2x.png"; sourceTree = "<group>"; };
		CCFFAF5919CF9782008555A1 /* AppIcon72x72.png */ = {isa = PBXFileReference; lastKnownFileType = image.png; name = AppIcon72x72.png; path = edda/icons/AppIcon72x72.png; sourceTree = "<group>"; };
		CCFFAF5A19CF9782008555A1 /* AppIcon72x72@2x.png */ = {isa = PBXFileReference; lastKnownFileType = image.png; name = "AppIcon72x72@2x.png"; path = "edda/icons/AppIcon72x72@2x.png"; sourceTree = "<group>"; };
		CCFFAF5B19CF9782008555A1 /* AppIcon76x76.png */ = {isa = PBXFileReference; lastKnownFileType = image.png; name = AppIcon76x76.png; path = edda/icons/AppIcon76x76.png; sourceTree = "<group>"; };
		CCFFAF5C19CF9782008555A1 /* AppIcon76x76@2x.png */ = {isa = PBXFileReference; lastKnownFileType = image.png; name = "AppIcon76x76@2x.png"; path = "edda/icons/AppIcon76x76@2x.png"; sourceTree = "<group>"; };
		CCFFAF5D19CF9782008555A1 /* iTunesArtwork.png */ = {isa = PBXFileReference; lastKnownFileType = image.png; name = iTunesArtwork.png; path = edda/icons/iTunesArtwork.png; sourceTree = "<group>"; };
		CCFFAF5E19CF9782008555A1 /* iTunesArtwork@2x.png */ = {isa = PBXFileReference; lastKnownFileType = image.png; name = "iTunesArtwork@2x.png"; path = "edda/icons/iTunesArtwork@2x.png"; sourceTree = "<group>"; };
/* End PBXFileReference section */

/* Begin PBXFrameworksBuildPhase section */
		CC77D4EA19B003E8009BA59F /* Frameworks */ = {
			isa = PBXFrameworksBuildPhase;
			buildActionMask = 2147483647;
			files = (
				CC450F681A744C9800CC195B /* MapKit.framework in Frameworks */,
				CC4B70831A6C8E540016257C /* GLKit.framework in Frameworks */,
				CC9FD32A1A2C13F90037DD43 /* Quickblox.framework in Frameworks */,
				CC9FD32C1A2C143F0037DD43 /* libxml2.dylib in Frameworks */,
				CCD6D68019EC756A0060DBAE /* libresolv.dylib in Frameworks */,
				CCD6D67E19EC75590060DBAE /* Security.framework in Frameworks */,
				CCD6D67D19EC75300060DBAE /* CoreData.framework in Frameworks */,
				CCD6D67C19EC75160060DBAE /* MobileCoreServices.framework in Frameworks */,
				CCD6D67B19EC74FD0060DBAE /* CFNetwork.framework in Frameworks */,
				CC78A55319C268BB00C73E59 /* QuartzCore.framework in Frameworks */,
				CC78A55119C2684400C73E59 /* CoreVideo.framework in Frameworks */,
				CC78A54F19C2683600C73E59 /* CoreMedia.framework in Frameworks */,
				CC78A54D19C2682A00C73E59 /* AudioToolbox.framework in Frameworks */,
				CC78A54719C267EF00C73E59 /* SystemConfiguration.framework in Frameworks */,
				CC40DE2E19B813A000E86968 /* AVFoundation.framework in Frameworks */,
				CC7329D019B6D899005FEC7D /* CoreMotion.framework in Frameworks */,
				CCA397D219B5303D00754BEB /* Accelerate.framework in Frameworks */,
				CC77D53919B00DB9009BA59F /* libz.dylib in Frameworks */,
				CC77D53719B00876009BA59F /* CoreLocation.framework in Frameworks */,
				CC77D4F319B003E8009BA59F /* CoreGraphics.framework in Frameworks */,
				CC77D53519B00419009BA59F /* libProj4.a in Frameworks */,
				CC77D4F519B003E8009BA59F /* UIKit.framework in Frameworks */,
				CC77D4F119B003E8009BA59F /* Foundation.framework in Frameworks */,
				CC77D52F19B003F3009BA59F /* libTestFlight.a in Frameworks */,
			);
			runOnlyForDeploymentPostprocessing = 0;
		};
/* End PBXFrameworksBuildPhase section */

/* Begin PBXGroup section */
		CC3F1C0B19BE8A1B00F6AD43 /* utils */ = {
			isa = PBXGroup;
			children = (
				CCE1DB891A3E2ADD00119867 /* libextobjc */,
				CC77D53219B003FF009BA59F /* geo */,
				CC3F1C1319BE8ECB00F6AD43 /* utils.cpp */,
				CC3F1C1219BE8D4D00F6AD43 /* utils.h */,
			);
			name = utils;
			sourceTree = "<group>";
		};
		CC5989EA1A6B33AA0047D119 /* sounds */ = {
			isa = PBXGroup;
			children = (
				CCD5962F1A759BBB0094E2EA /* hangup.mp3 */,
				CCD596301A759BBB0094E2EA /* rechaza.mp3 */,
				CC5989EB1A6B33BE0047D119 /* Zen_mg_JFK_LO_short.wav */,
			);
			name = sounds;
			sourceTree = "<group>";
		};
		CC77D4E419B003E8009BA59F = {
			isa = PBXGroup;
			children = (
				CC3F1C0B19BE8A1B00F6AD43 /* utils */,
				CCBF45301A76CA88005E2750 /* kingpin */,
				CC5989EA1A6B33AA0047D119 /* sounds */,
				CC77D53A19B02734009BA59F /* images */,
				CC77D52819B003F3009BA59F /* TestFlightSDK3.0.2 */,
				CC77D4F619B003E8009BA59F /* edda */,
				CC77D4EF19B003E8009BA59F /* Frameworks */,
				CC77D4EE19B003E8009BA59F /* Products */,
			);
			sourceTree = "<group>";
		};
		CC77D4EE19B003E8009BA59F /* Products */ = {
			isa = PBXGroup;
			children = (
				CC77D4ED19B003E8009BA59F /* Edda.app */,
			);
			name = Products;
			sourceTree = "<group>";
		};
		CC77D4EF19B003E8009BA59F /* Frameworks */ = {
			isa = PBXGroup;
			children = (
				CC450F671A744C9800CC195B /* MapKit.framework */,
				CC4B70811A6C8A0A0016257C /* OpenGLES.framework */,
				CC4B70721A6C784D0016257C /* GLKit.framework */,
				CC9FD32B1A2C143F0037DD43 /* libxml2.dylib */,
				CCD2DDB019EE1AEF0029BD6C /* Quickblox.framework */,
				CCD6D68119EC75740060DBAE /* libxml2.2.dylib */,
				CCD6D67F19EC756A0060DBAE /* libresolv.dylib */,
				CC78A55419C268C500C73E59 /* Security.framework */,
				CC78A55219C268BB00C73E59 /* QuartzCore.framework */,
				CC78A55019C2684400C73E59 /* CoreVideo.framework */,
				CC78A54E19C2683600C73E59 /* CoreMedia.framework */,
				CC78A54C19C2682A00C73E59 /* AudioToolbox.framework */,
				CC78A54A19C2681D00C73E59 /* CoreData.framework */,
				CC78A54819C2680700C73E59 /* MobileCoreServices.framework */,
				CC78A54619C267EF00C73E59 /* SystemConfiguration.framework */,
				CC78A54419C267E300C73E59 /* CFNetwork.framework */,
				CC40DE2D19B813A000E86968 /* AVFoundation.framework */,
				CC7329CF19B6D899005FEC7D /* CoreMotion.framework */,
				CCA397D019B529B000754BEB /* Accelerate.framework */,
				CC77D53819B00DB9009BA59F /* libz.dylib */,
				CC77D53619B00876009BA59F /* CoreLocation.framework */,
				CC77D4F019B003E8009BA59F /* Foundation.framework */,
				CC77D4F219B003E8009BA59F /* CoreGraphics.framework */,
				CC77D4F419B003E8009BA59F /* UIKit.framework */,
			);
			name = Frameworks;
			sourceTree = "<group>";
		};
		CC77D4F619B003E8009BA59F /* edda */ = {
			isa = PBXGroup;
			children = (
				CCBF45491A76DA14005E2750 /* eddaClusterAnnotationView.h */,
				CCBF454A1A76DA14005E2750 /* eddaClusterAnnotationView.m */,
				CCD2DDB219EE1F140029BD6C /* QBHelper.h */,
				CCD2DDB319EE1F140029BD6C /* QBHelper.m */,
				CC5B4F9519D8D67B001BA61D /* LSViewController.h */,
				CC5B4F9619D8D67B001BA61D /* LSViewController.m */,
				CC77D4FF19B003E8009BA59F /* eddaAppDelegate.h */,
				CC77D50019B003E8009BA59F /* eddaAppDelegate.m */,
				CC77D50219B003E8009BA59F /* Main.storyboard */,
				CCD5963D1A75A7680094E2EA /* eddaInfoViewController.h */,
				CCD5963E1A75A7680094E2EA /* eddaInfoViewController.m */,
				CC77D50519B003E8009BA59F /* eddaMainViewController.h */,
				CC77D50619B003E8009BA59F /* eddaMainViewController.m */,
				CC3F1BEB19BD499800F6AD43 /* eddaOtherView.h */,
				CC3F1BEC19BD499800F6AD43 /* eddaOtherView.m */,
				CC77D50819B003E8009BA59F /* eddaFlipsideViewController.h */,
				CC77D50919B003E8009BA59F /* eddaFlipsideViewController.m */,
				CC450F861A7482D600CC195B /* eddaMapAnnotation.h */,
				CC450F871A7482D600CC195B /* eddaMapAnnotation.m */,
				CCD596481A75BEE50094E2EA /* info.html */,
				CCD596341A759C7C0094E2EA /* Launch Screen.xib */,
				CC77D50B19B003E8009BA59F /* Images.xcassets */,
				CC77D4F719B003E8009BA59F /* Supporting Files */,
			);
			path = edda;
			sourceTree = "<group>";
		};
		CC77D4F719B003E8009BA59F /* Supporting Files */ = {
			isa = PBXGroup;
			children = (
				CC77D4F819B003E8009BA59F /* Edda-Info.plist */,
				CC77D4F919B003E8009BA59F /* InfoPlist.strings */,
				CC77D4FC19B003E8009BA59F /* main.m */,
				CC77D4FE19B003E8009BA59F /* Edda-Prefix.pch */,
				CC78A53E19C25BFB00C73E59 /* configuration.plist */,
				CC78A55A19C26B4500C73E59 /* configuration.plist.example */,
			);
			name = "Supporting Files";
			sourceTree = "<group>";
		};
		CC77D52819B003F3009BA59F /* TestFlightSDK3.0.2 */ = {
			isa = PBXGroup;
			children = (
				CC77D52919B003F3009BA59F /* libTestFlight.a */,
				CC77D52A19B003F3009BA59F /* README.md */,
				CC77D52B19B003F3009BA59F /* release_notes.md */,
				CC77D52C19B003F3009BA59F /* TestFlight+AsyncLogging.h */,
				CC77D52D19B003F3009BA59F /* TestFlight+ManualSessions.h */,
				CC77D52E19B003F3009BA59F /* TestFlight.h */,
			);
			path = TestFlightSDK3.0.2;
			sourceTree = "<group>";
		};
		CC77D53219B003FF009BA59F /* geo */ = {
			isa = PBXGroup;
			children = (
				CCA397D919B6987A00754BEB /* geodesic.h */,
				CCA397E119B6A00B00754BEB /* geodesic.c */,
				CC77D53319B00419009BA59F /* proj_api.h */,
				CC77D53419B00419009BA59F /* libProj4.a */,
			);
			name = geo;
			sourceTree = "<group>";
		};
		CC77D53A19B02734009BA59F /* images */ = {
			isa = PBXGroup;
			children = (
				CCD596511A75DBE50094E2EA /* info-enter.png */,
				CCD5964C1A75C4CF0094E2EA /* info-exit.png */,
				CCD596361A75A03E0094E2EA /* splash-icon.png */,
				CC450F691A745BFB00CC195B /* call.pdf */,
				CCD5962E1A759BBB0094E2EA /* default.png */,
				CC5989E61A6B0E470047D119 /* default-5@2x.png */,
				CC5989E71A6B0E470047D119 /* default@2x.png */,
				CC5989E21A6B0D920047D119 /* default-375w-667h@2x.png */,
				CC5989E31A6B0D920047D119 /* default-414w-736h@3x.png */,
				CC5989CC1A6B05230047D119 /* home-info.jpg */,
				CC5989CA1A6B042C0047D119 /* info.jpg */,
				CC5989C81A6B01DE0047D119 /* home.jpg */,
				CCFFAF6F19CF9788008555A1 /* icons */,
				CC40DE3219B8271300E86968 /* arrow.png */,
				CC40DE3319B8271300E86968 /* arrow@2x.png */,
				CC77D53B19B02740009BA59F /* arrowLong.png */,
			);
			name = images;
			sourceTree = "<group>";
		};
		CCBF45301A76CA88005E2750 /* kingpin */ = {
			isa = PBXGroup;
			children = (
				CCBF45311A76CA88005E2750 /* kp_2dtree.h */,
				CCBF45321A76CA88005E2750 /* KPAnnotation.h */,
				CCBF45331A76CA88005E2750 /* KPAnnotation.m */,
				CCBF45341A76CA88005E2750 /* KPAnnotationTree.h */,
				CCBF45351A76CA88005E2750 /* KPAnnotationTree.m */,
				CCBF45361A76CA88005E2750 /* KPAnnotationTree_Private.h */,
				CCBF45371A76CA88005E2750 /* KPClusteringAlgorithm.h */,
				CCBF45381A76CA88005E2750 /* KPClusteringController.h */,
				CCBF45391A76CA88005E2750 /* KPClusteringController.m */,
				CCBF453A1A76CA88005E2750 /* KPGeometry.h */,
				CCBF453B1A76CA88005E2750 /* KPGridClusteringAlgorithm.h */,
				CCBF453C1A76CA88005E2750 /* KPGridClusteringAlgorithm.m */,
				CCBF453D1A76CA88005E2750 /* KPGridClusteringAlgorithm_Private.h */,
				CCBF453E1A76CA88005E2750 /* KPGridClusteringAlgorithmDelegate.h */,
				CCBF453F1A76CA88005E2750 /* NSArray+KP.h */,
				CCBF45401A76CA88005E2750 /* NSArray+KP.m */,
			);
			path = kingpin;
			sourceTree = SOURCE_ROOT;
		};
		CCE1DB891A3E2ADD00119867 /* libextobjc */ = {
			isa = PBXGroup;
			children = (
				CCE1DB8A1A3E2ADD00119867 /* extobjc */,
			);
			path = libextobjc;
			sourceTree = "<group>";
		};
		CCE1DB8A1A3E2ADD00119867 /* extobjc */ = {
			isa = PBXGroup;
			children = (
				CCE1DB8B1A3E2ADD00119867 /* EXTRuntimeExtensions.h */,
				CCE1DB8C1A3E2ADD00119867 /* EXTRuntimeExtensions.m */,
				CCE1DB8D1A3E2ADD00119867 /* EXTScope.h */,
				CCE1DB8E1A3E2ADD00119867 /* EXTScope.m */,
				CCE1DB8F1A3E2ADD00119867 /* metamacros.h */,
			);
			path = extobjc;
			sourceTree = "<group>";
		};
		CCFFAF6F19CF9788008555A1 /* icons */ = {
			isa = PBXGroup;
			children = (
				CC09289619DB9FD500B358F2 /* AppIcon180x180.png */,
				CC09289719DB9FD500B358F2 /* AppIcon180x180@2x.png */,
				CCFFAF4F19CF9782008555A1 /* AppIcon29x29.png */,
				CCFFAF5019CF9782008555A1 /* AppIcon29x29@2x.png */,
				CCFFAF5119CF9782008555A1 /* AppIcon40x40.png */,
				CCFFAF5219CF9782008555A1 /* AppIcon40x40@2x.png */,
				CCFFAF5319CF9782008555A1 /* AppIcon50x50.png */,
				CCFFAF5419CF9782008555A1 /* AppIcon50x50@2x.png */,
				CCFFAF5519CF9782008555A1 /* AppIcon57x57.png */,
				CCFFAF5619CF9782008555A1 /* AppIcon57x57@2x.png */,
				CCFFAF5719CF9782008555A1 /* AppIcon60x60.png */,
				CCFFAF5819CF9782008555A1 /* AppIcon60x60@2x.png */,
				CCFFAF5919CF9782008555A1 /* AppIcon72x72.png */,
				CCFFAF5A19CF9782008555A1 /* AppIcon72x72@2x.png */,
				CCFFAF5B19CF9782008555A1 /* AppIcon76x76.png */,
				CCFFAF5C19CF9782008555A1 /* AppIcon76x76@2x.png */,
				CCFFAF5D19CF9782008555A1 /* iTunesArtwork.png */,
				CCFFAF5E19CF9782008555A1 /* iTunesArtwork@2x.png */,
			);
			name = icons;
			sourceTree = "<group>";
		};
/* End PBXGroup section */

/* Begin PBXNativeTarget section */
		CC77D4EC19B003E8009BA59F /* Edda */ = {
			isa = PBXNativeTarget;
			buildConfigurationList = CC77D52219B003E8009BA59F /* Build configuration list for PBXNativeTarget "Edda" */;
			buildPhases = (
				CC77D4E919B003E8009BA59F /* Sources */,
				CC77D4EA19B003E8009BA59F /* Frameworks */,
				CC77D4EB19B003E8009BA59F /* Resources */,
			);
			buildRules = (
			);
			dependencies = (
			);
			name = Edda;
			productName = edda;
			productReference = CC77D4ED19B003E8009BA59F /* Edda.app */;
			productType = "com.apple.product-type.application";
		};
/* End PBXNativeTarget section */

/* Begin PBXProject section */
		CC77D4E519B003E8009BA59F /* Project object */ = {
			isa = PBXProject;
			attributes = {
				CLASSPREFIX = edda;
				LastUpgradeCheck = 0510;
				ORGANIZATIONNAME = "Ping Pong Estudio";
				TargetAttributes = {
					CC77D4EC19B003E8009BA59F = {
						DevelopmentTeam = 7GV57M66F4;
						SystemCapabilities = {
							com.apple.BackgroundModes = {
								enabled = 1;
							};
						};
					};
				};
			};
			buildConfigurationList = CC77D4E819B003E8009BA59F /* Build configuration list for PBXProject "Edda" */;
			compatibilityVersion = "Xcode 3.2";
			developmentRegion = English;
			hasScannedForEncodings = 0;
			knownRegions = (
				en,
				Base,
			);
			mainGroup = CC77D4E419B003E8009BA59F;
			productRefGroup = CC77D4EE19B003E8009BA59F /* Products */;
			projectDirPath = "";
			projectRoot = "";
			targets = (
				CC77D4EC19B003E8009BA59F /* Edda */,
			);
		};
/* End PBXProject section */

/* Begin PBXResourcesBuildPhase section */
		CC77D4EB19B003E8009BA59F /* Resources */ = {
			isa = PBXResourcesBuildPhase;
			buildActionMask = 2147483647;
			files = (
				CCFFAF6619CF9782008555A1 /* AppIcon57x57@2x.png in Resources */,
				CC5989CB1A6B042C0047D119 /* info.jpg in Resources */,
				CC77D50C19B003E8009BA59F /* Images.xcassets in Resources */,
				CC77D53C19B02740009BA59F /* arrowLong.png in Resources */,
				CCFFAF6219CF9782008555A1 /* AppIcon40x40@2x.png in Resources */,
				CCD596311A759BBB0094E2EA /* default.png in Resources */,
				CCFFAF6A19CF9782008555A1 /* AppIcon72x72@2x.png in Resources */,
				CCD596491A75BEE50094E2EA /* info.html in Resources */,
				CCD596331A759BBB0094E2EA /* rechaza.mp3 in Resources */,
				CCD596321A759BBB0094E2EA /* hangup.mp3 in Resources */,
				CC5989EC1A6B33BE0047D119 /* Zen_mg_JFK_LO_short.wav in Resources */,
				CC09289819DB9FD500B358F2 /* AppIcon180x180.png in Resources */,
				CC09289919DB9FD500B358F2 /* AppIcon180x180@2x.png in Resources */,
				CC77D4FB19B003E8009BA59F /* InfoPlist.strings in Resources */,
				CCFFAF6119CF9782008555A1 /* AppIcon40x40.png in Resources */,
				CCFFAF6319CF9782008555A1 /* AppIcon50x50.png in Resources */,
				CCD5964D1A75C4CF0094E2EA /* info-exit.png in Resources */,
				CCD596371A75A03E0094E2EA /* splash-icon.png in Resources */,
				CC77D53019B003F3009BA59F /* README.md in Resources */,
				CCFFAF6019CF9782008555A1 /* AppIcon29x29@2x.png in Resources */,
				CC450F6A1A745BFB00CC195B /* call.pdf in Resources */,
				CCD596521A75DBE50094E2EA /* info-enter.png in Resources */,
				CC78A53F19C25BFB00C73E59 /* configuration.plist in Resources */,
				CCFFAF6819CF9782008555A1 /* AppIcon60x60@2x.png in Resources */,
				CC40DE3519B8271300E86968 /* arrow@2x.png in Resources */,
				CCFFAF6B19CF9782008555A1 /* AppIcon76x76.png in Resources */,
				CC77D50419B003E8009BA59F /* Main.storyboard in Resources */,
				CCFFAF6919CF9782008555A1 /* AppIcon72x72.png in Resources */,
				CC40DE3419B8271300E86968 /* arrow.png in Resources */,
				CC5989E51A6B0D920047D119 /* default-414w-736h@3x.png in Resources */,
				CCFFAF6419CF9782008555A1 /* AppIcon50x50@2x.png in Resources */,
				CC5989E41A6B0D920047D119 /* default-375w-667h@2x.png in Resources */,
				CCFFAF6519CF9782008555A1 /* AppIcon57x57.png in Resources */,
				CC5989E81A6B0E470047D119 /* default-5@2x.png in Resources */,
				CCFFAF5F19CF9782008555A1 /* AppIcon29x29.png in Resources */,
				CCFFAF6C19CF9782008555A1 /* AppIcon76x76@2x.png in Resources */,
				CC5989E91A6B0E470047D119 /* default@2x.png in Resources */,
				CC77D53119B003F3009BA59F /* release_notes.md in Resources */,
				CCFFAF6719CF9782008555A1 /* AppIcon60x60.png in Resources */,
				CC5989CD1A6B05230047D119 /* home-info.jpg in Resources */,
				CCFFAF6E19CF9782008555A1 /* iTunesArtwork@2x.png in Resources */,
				CCFFAF6D19CF9782008555A1 /* iTunesArtwork.png in Resources */,
				CC5989C91A6B01DE0047D119 /* home.jpg in Resources */,
				CC78A55B19C26B4500C73E59 /* configuration.plist.example in Resources */,
				CCD596351A759C7C0094E2EA /* Launch Screen.xib in Resources */,
			);
			runOnlyForDeploymentPostprocessing = 0;
		};
/* End PBXResourcesBuildPhase section */

/* Begin PBXSourcesBuildPhase section */
		CC77D4E919B003E8009BA59F /* Sources */ = {
			isa = PBXSourcesBuildPhase;
			buildActionMask = 2147483647;
			files = (
				CC77D50A19B003E8009BA59F /* eddaFlipsideViewController.m in Sources */,
				CCBF454B1A76DA14005E2750 /* eddaClusterAnnotationView.m in Sources */,
				CC3F1BED19BD499800F6AD43 /* eddaOtherView.m in Sources */,
				CCBF45431A76CA88005E2750 /* KPClusteringController.m in Sources */,
				CCBF45421A76CA88005E2750 /* KPAnnotationTree.m in Sources */,
				CC77D50119B003E8009BA59F /* eddaAppDelegate.m in Sources */,
				CC450F881A7482D600CC195B /* eddaMapAnnotation.m in Sources */,
				CCD2DDB419EE1F140029BD6C /* QBHelper.m in Sources */,
				CCBF45451A76CA88005E2750 /* NSArray+KP.m in Sources */,
				CC3F1C1419BE8ECB00F6AD43 /* utils.cpp in Sources */,
				CCA397E219B6A00B00754BEB /* geodesic.c in Sources */,
				CCBF45441A76CA88005E2750 /* KPGridClusteringAlgorithm.m in Sources */,
				CCE1DB921A3E2ADD00119867 /* EXTRuntimeExtensions.m in Sources */,
				CC77D4FD19B003E8009BA59F /* main.m in Sources */,
				CCBF45411A76CA88005E2750 /* KPAnnotation.m in Sources */,
				CC77D50719B003E8009BA59F /* eddaMainViewController.m in Sources */,
				CCD5963F1A75A7680094E2EA /* eddaInfoViewController.m in Sources */,
				CC5B4F9719D8D67B001BA61D /* LSViewController.m in Sources */,
				CCE1DB931A3E2ADD00119867 /* EXTScope.m in Sources */,
			);
			runOnlyForDeploymentPostprocessing = 0;
		};
/* End PBXSourcesBuildPhase section */

/* Begin PBXVariantGroup section */
		CC77D4F919B003E8009BA59F /* InfoPlist.strings */ = {
			isa = PBXVariantGroup;
			children = (
				CC77D4FA19B003E8009BA59F /* en */,
			);
			name = InfoPlist.strings;
			sourceTree = "<group>";
		};
		CC77D50219B003E8009BA59F /* Main.storyboard */ = {
			isa = PBXVariantGroup;
			children = (
				CC77D50319B003E8009BA59F /* Base */,
			);
			name = Main.storyboard;
			sourceTree = "<group>";
		};
/* End PBXVariantGroup section */

/* Begin XCBuildConfiguration section */
		CC77D52019B003E8009BA59F /* Debug */ = {
			isa = XCBuildConfiguration;
			buildSettings = {
				ALWAYS_SEARCH_USER_PATHS = NO;
				CLANG_CXX_LANGUAGE_STANDARD = "gnu++0x";
				CLANG_CXX_LIBRARY = "libc++";
				CLANG_ENABLE_MODULES = YES;
				CLANG_ENABLE_OBJC_ARC = YES;
				CLANG_WARN_BOOL_CONVERSION = YES;
				CLANG_WARN_CONSTANT_CONVERSION = YES;
				CLANG_WARN_DIRECT_OBJC_ISA_USAGE = YES_ERROR;
				CLANG_WARN_EMPTY_BODY = YES;
				CLANG_WARN_ENUM_CONVERSION = YES;
				CLANG_WARN_INT_CONVERSION = YES;
				CLANG_WARN_OBJC_ROOT_CLASS = YES_ERROR;
				CLANG_WARN__DUPLICATE_METHOD_MATCH = YES;
				"CODE_SIGN_IDENTITY[sdk=iphoneos*]" = "iPhone Developer";
				COPY_PHASE_STRIP = NO;
				GCC_C_LANGUAGE_STANDARD = gnu99;
				GCC_DYNAMIC_NO_PIC = NO;
				GCC_OPTIMIZATION_LEVEL = 0;
				GCC_PREPROCESSOR_DEFINITIONS = (
					"DEBUG=1",
					"$(inherited)",
				);
				GCC_SYMBOLS_PRIVATE_EXTERN = NO;
				GCC_WARN_64_TO_32_BIT_CONVERSION = YES;
				GCC_WARN_ABOUT_RETURN_TYPE = YES_ERROR;
				GCC_WARN_UNDECLARED_SELECTOR = YES;
				GCC_WARN_UNINITIALIZED_AUTOS = YES_AGGRESSIVE;
				GCC_WARN_UNUSED_FUNCTION = YES;
				GCC_WARN_UNUSED_VARIABLE = YES;
				IPHONEOS_DEPLOYMENT_TARGET = 7.1;
				ONLY_ACTIVE_ARCH = YES;
				SDKROOT = iphoneos;
			};
			name = Debug;
		};
		CC77D52119B003E8009BA59F /* Release */ = {
			isa = XCBuildConfiguration;
			buildSettings = {
				ALWAYS_SEARCH_USER_PATHS = NO;
				CLANG_CXX_LANGUAGE_STANDARD = "gnu++0x";
				CLANG_CXX_LIBRARY = "libc++";
				CLANG_ENABLE_MODULES = YES;
				CLANG_ENABLE_OBJC_ARC = YES;
				CLANG_WARN_BOOL_CONVERSION = YES;
				CLANG_WARN_CONSTANT_CONVERSION = YES;
				CLANG_WARN_DIRECT_OBJC_ISA_USAGE = YES_ERROR;
				CLANG_WARN_EMPTY_BODY = YES;
				CLANG_WARN_ENUM_CONVERSION = YES;
				CLANG_WARN_INT_CONVERSION = YES;
				CLANG_WARN_OBJC_ROOT_CLASS = YES_ERROR;
				CLANG_WARN__DUPLICATE_METHOD_MATCH = YES;
				"CODE_SIGN_IDENTITY[sdk=iphoneos*]" = "iPhone Developer";
				COPY_PHASE_STRIP = YES;
				ENABLE_NS_ASSERTIONS = NO;
				GCC_C_LANGUAGE_STANDARD = gnu99;
				GCC_WARN_64_TO_32_BIT_CONVERSION = YES;
				GCC_WARN_ABOUT_RETURN_TYPE = YES_ERROR;
				GCC_WARN_UNDECLARED_SELECTOR = YES;
				GCC_WARN_UNINITIALIZED_AUTOS = YES_AGGRESSIVE;
				GCC_WARN_UNUSED_FUNCTION = YES;
				GCC_WARN_UNUSED_VARIABLE = YES;
				IPHONEOS_DEPLOYMENT_TARGET = 7.1;
				SDKROOT = iphoneos;
				VALIDATE_PRODUCT = YES;
			};
			name = Release;
		};
		CC77D52319B003E8009BA59F /* Debug */ = {
			isa = XCBuildConfiguration;
			buildSettings = {
				ASSETCATALOG_COMPILER_APPICON_NAME = AppIcon;
				ASSETCATALOG_COMPILER_LAUNCHIMAGE_NAME = LaunchImage;
				CODE_SIGN_IDENTITY = "iPhone Developer";
				"CODE_SIGN_IDENTITY[sdk=iphoneos*]" = "iPhone Developer";
				EXCLUDED_RECURSIVE_SEARCH_PATH_SUBDIRECTORIES = "*.nib *.lproj *.framework *.gch *.xcode* (*) .DS_Store CVS .svn .git .hg .example";
				FRAMEWORK_SEARCH_PATHS = (
					"$(inherited)",
					"$(PROJECT_DIR)",
					"/Volumes/billy/stuff/xcode/quickblox-ios-sdk-master/Framework",
					"/Volumes/billy/stuff/xcode/parse-library-1.4.1",
				);
				GCC_PRECOMPILE_PREFIX_HEADER = YES;
				GCC_PREFIX_HEADER = "edda/Edda-Prefix.pch";
				HEADER_SEARCH_PATHS = (
					"$(inherited)",
					/Applications/Xcode.app/Contents/Developer/Toolchains/XcodeDefault.xctoolchain/usr/include,
					$SDKROOT/usr/include/libxml2,
					/usr/include/libxml2,
					"/Volumes/billy/stuff/xcode/GPUImage/framework/**",
				);
				INFOPLIST_FILE = "edda/Edda-Info.plist";
				IPHONEOS_DEPLOYMENT_TARGET = 7.0;
				LD_RUNPATH_SEARCH_PATHS = "$(inherited) @executable_path/Frameworks";
				LIBRARY_SEARCH_PATHS = (
					"$(inherited)",
					"$(PROJECT_DIR)/TestFlightSDK3.0.2",
					"$(PROJECT_DIR)",
				);
				ONLY_ACTIVE_ARCH = NO;
				OTHER_LDFLAGS = (
					"-lxml2",
					"-ObjC",
				);
				PRODUCT_NAME = Edda;
				PROVISIONING_PROFILE = "";
				TARGETED_DEVICE_FAMILY = 1;
				VALID_ARCHS = "armv7 armv7s arm64";
				WRAPPER_EXTENSION = app;
			};
			name = Debug;
		};
		CC77D52419B003E8009BA59F /* Release */ = {
			isa = XCBuildConfiguration;
			buildSettings = {
				ASSETCATALOG_COMPILER_APPICON_NAME = AppIcon;
				ASSETCATALOG_COMPILER_LAUNCHIMAGE_NAME = LaunchImage;
				CODE_SIGN_IDENTITY = "iPhone Developer";
				"CODE_SIGN_IDENTITY[sdk=iphoneos*]" = "iPhone Developer";
				EXCLUDED_RECURSIVE_SEARCH_PATH_SUBDIRECTORIES = "*.nib *.lproj *.framework *.gch *.xcode* (*) .DS_Store CVS .svn .git .hg .example";
				FRAMEWORK_SEARCH_PATHS = (
					"$(inherited)",
					"$(PROJECT_DIR)",
					"/Volumes/billy/stuff/xcode/quickblox-ios-sdk-master/Framework",
					"/Volumes/billy/stuff/xcode/parse-library-1.4.1",
				);
				GCC_PRECOMPILE_PREFIX_HEADER = YES;
				GCC_PREFIX_HEADER = "edda/Edda-Prefix.pch";
				HEADER_SEARCH_PATHS = (
					"$(inherited)",
					/Applications/Xcode.app/Contents/Developer/Toolchains/XcodeDefault.xctoolchain/usr/include,
					$SDKROOT/usr/include/libxml2,
					/usr/include/libxml2,
					"/Volumes/billy/stuff/xcode/GPUImage/framework/**",
				);
				INFOPLIST_FILE = "edda/Edda-Info.plist";
				IPHONEOS_DEPLOYMENT_TARGET = 7.0;
				LD_RUNPATH_SEARCH_PATHS = "$(inherited) @executable_path/Frameworks";
				LIBRARY_SEARCH_PATHS = (
					"$(inherited)",
					"$(PROJECT_DIR)/TestFlightSDK3.0.2",
					"$(PROJECT_DIR)",
				);
				ONLY_ACTIVE_ARCH = NO;
				OTHER_LDFLAGS = (
					"-lxml2",
					"-ObjC",
				);
				PRODUCT_NAME = Edda;
				PROVISIONING_PROFILE = "";
				TARGETED_DEVICE_FAMILY = 1;
				VALID_ARCHS = "armv7 armv7s arm64";
				WRAPPER_EXTENSION = app;
			};
			name = Release;
		};
/* End XCBuildConfiguration section */

/* Begin XCConfigurationList section */
		CC77D4E819B003E8009BA59F /* Build configuration list for PBXProject "Edda" */ = {
			isa = XCConfigurationList;
			buildConfigurations = (
				CC77D52019B003E8009BA59F /* Debug */,
				CC77D52119B003E8009BA59F /* Release */,
			);
			defaultConfigurationIsVisible = 0;
			defaultConfigurationName = Release;
		};
		CC77D52219B003E8009BA59F /* Build configuration list for PBXNativeTarget "Edda" */ = {
			isa = XCConfigurationList;
			buildConfigurations = (
				CC77D52319B003E8009BA59F /* Debug */,
				CC77D52419B003E8009BA59F /* Release */,
			);
			defaultConfigurationIsVisible = 0;
			defaultConfigurationName = Release;
		};
/* End XCConfigurationList section */
	};
	rootObject = CC77D4E519B003E8009BA59F /* Project object */;
}
