// !$*UTF8*$!
{
	archiveVersion = 1;
	classes = {
	};
	objectVersion = 46;
	objects = {

/* Begin PBXBuildFile section */
		CC7329D019B6D899005FEC7D /* CoreMotion.framework in Frameworks */ = {isa = PBXBuildFile; fileRef = CC7329CF19B6D899005FEC7D /* CoreMotion.framework */; };
		CC77D4F119B003E8009BA59F /* Foundation.framework in Frameworks */ = {isa = PBXBuildFile; fileRef = CC77D4F019B003E8009BA59F /* Foundation.framework */; };
		CC77D4F319B003E8009BA59F /* CoreGraphics.framework in Frameworks */ = {isa = PBXBuildFile; fileRef = CC77D4F219B003E8009BA59F /* CoreGraphics.framework */; };
		CC77D4F519B003E8009BA59F /* UIKit.framework in Frameworks */ = {isa = PBXBuildFile; fileRef = CC77D4F419B003E8009BA59F /* UIKit.framework */; };
		CC77D4FB19B003E8009BA59F /* InfoPlist.strings in Resources */ = {isa = PBXBuildFile; fileRef = CC77D4F919B003E8009BA59F /* InfoPlist.strings */; };
		CC77D4FD19B003E8009BA59F /* main.m in Sources */ = {isa = PBXBuildFile; fileRef = CC77D4FC19B003E8009BA59F /* main.m */; };
		CC77D50119B003E8009BA59F /* eddaAppDelegate.m in Sources */ = {isa = PBXBuildFile; fileRef = CC77D50019B003E8009BA59F /* eddaAppDelegate.m */; };
		CC77D50419B003E8009BA59F /* Main.storyboard in Resources */ = {isa = PBXBuildFile; fileRef = CC77D50219B003E8009BA59F /* Main.storyboard */; };
		CC77D50719B003E8009BA59F /* eddaMainViewController.m in Sources */ = {isa = PBXBuildFile; fileRef = CC77D50619B003E8009BA59F /* eddaMainViewController.m */; };
		CC77D50A19B003E8009BA59F /* eddaFlipsideViewController.m in Sources */ = {isa = PBXBuildFile; fileRef = CC77D50919B003E8009BA59F /* eddaFlipsideViewController.m */; };
		CC77D50C19B003E8009BA59F /* Images.xcassets in Resources */ = {isa = PBXBuildFile; fileRef = CC77D50B19B003E8009BA59F /* Images.xcassets */; };
		CC77D51319B003E8009BA59F /* XCTest.framework in Frameworks */ = {isa = PBXBuildFile; fileRef = CC77D51219B003E8009BA59F /* XCTest.framework */; };
		CC77D51419B003E8009BA59F /* Foundation.framework in Frameworks */ = {isa = PBXBuildFile; fileRef = CC77D4F019B003E8009BA59F /* Foundation.framework */; };
		CC77D51519B003E8009BA59F /* UIKit.framework in Frameworks */ = {isa = PBXBuildFile; fileRef = CC77D4F419B003E8009BA59F /* UIKit.framework */; };
		CC77D51D19B003E8009BA59F /* InfoPlist.strings in Resources */ = {isa = PBXBuildFile; fileRef = CC77D51B19B003E8009BA59F /* InfoPlist.strings */; };
		CC77D51F19B003E8009BA59F /* eddaTests.m in Sources */ = {isa = PBXBuildFile; fileRef = CC77D51E19B003E8009BA59F /* eddaTests.m */; };
		CC77D52F19B003F3009BA59F /* libTestFlight.a in Frameworks */ = {isa = PBXBuildFile; fileRef = CC77D52919B003F3009BA59F /* libTestFlight.a */; };
		CC77D53019B003F3009BA59F /* README.md in Resources */ = {isa = PBXBuildFile; fileRef = CC77D52A19B003F3009BA59F /* README.md */; };
		CC77D53119B003F3009BA59F /* release_notes.md in Resources */ = {isa = PBXBuildFile; fileRef = CC77D52B19B003F3009BA59F /* release_notes.md */; };
		CC77D53519B00419009BA59F /* libProj4.a in Frameworks */ = {isa = PBXBuildFile; fileRef = CC77D53419B00419009BA59F /* libProj4.a */; };
		CC77D53719B00876009BA59F /* CoreLocation.framework in Frameworks */ = {isa = PBXBuildFile; fileRef = CC77D53619B00876009BA59F /* CoreLocation.framework */; };
		CC77D53919B00DB9009BA59F /* libz.dylib in Frameworks */ = {isa = PBXBuildFile; fileRef = CC77D53819B00DB9009BA59F /* libz.dylib */; };
		CC77D53C19B02740009BA59F /* arrowLong.png in Resources */ = {isa = PBXBuildFile; fileRef = CC77D53B19B02740009BA59F /* arrowLong.png */; };
		CCA397D219B5303D00754BEB /* Accelerate.framework in Frameworks */ = {isa = PBXBuildFile; fileRef = CCA397D019B529B000754BEB /* Accelerate.framework */; };
		CCA397E219B6A00B00754BEB /* geodesic.c in Sources */ = {isa = PBXBuildFile; fileRef = CCA397E119B6A00B00754BEB /* geodesic.c */; };
/* End PBXBuildFile section */

/* Begin PBXContainerItemProxy section */
		CC77D51619B003E8009BA59F /* PBXContainerItemProxy */ = {
			isa = PBXContainerItemProxy;
			containerPortal = CC77D4E519B003E8009BA59F /* Project object */;
			proxyType = 1;
			remoteGlobalIDString = CC77D4EC19B003E8009BA59F;
			remoteInfo = edda;
		};
/* End PBXContainerItemProxy section */

/* Begin PBXFileReference section */
		CC7329CF19B6D899005FEC7D /* CoreMotion.framework */ = {isa = PBXFileReference; lastKnownFileType = wrapper.framework; name = CoreMotion.framework; path = System/Library/Frameworks/CoreMotion.framework; sourceTree = SDKROOT; };
		CC77D4ED19B003E8009BA59F /* edda.app */ = {isa = PBXFileReference; explicitFileType = wrapper.application; includeInIndex = 0; path = edda.app; sourceTree = BUILT_PRODUCTS_DIR; };
		CC77D4F019B003E8009BA59F /* Foundation.framework */ = {isa = PBXFileReference; lastKnownFileType = wrapper.framework; name = Foundation.framework; path = System/Library/Frameworks/Foundation.framework; sourceTree = SDKROOT; };
		CC77D4F219B003E8009BA59F /* CoreGraphics.framework */ = {isa = PBXFileReference; lastKnownFileType = wrapper.framework; name = CoreGraphics.framework; path = System/Library/Frameworks/CoreGraphics.framework; sourceTree = SDKROOT; };
		CC77D4F419B003E8009BA59F /* UIKit.framework */ = {isa = PBXFileReference; lastKnownFileType = wrapper.framework; name = UIKit.framework; path = System/Library/Frameworks/UIKit.framework; sourceTree = SDKROOT; };
		CC77D4F819B003E8009BA59F /* edda-Info.plist */ = {isa = PBXFileReference; lastKnownFileType = text.plist.xml; path = "edda-Info.plist"; sourceTree = "<group>"; };
		CC77D4FA19B003E8009BA59F /* en */ = {isa = PBXFileReference; lastKnownFileType = text.plist.strings; name = en; path = en.lproj/InfoPlist.strings; sourceTree = "<group>"; };
		CC77D4FC19B003E8009BA59F /* main.m */ = {isa = PBXFileReference; lastKnownFileType = sourcecode.c.objc; path = main.m; sourceTree = "<group>"; };
		CC77D4FE19B003E8009BA59F /* edda-Prefix.pch */ = {isa = PBXFileReference; lastKnownFileType = sourcecode.c.h; path = "edda-Prefix.pch"; sourceTree = "<group>"; };
		CC77D4FF19B003E8009BA59F /* eddaAppDelegate.h */ = {isa = PBXFileReference; lastKnownFileType = sourcecode.c.h; path = eddaAppDelegate.h; sourceTree = "<group>"; };
		CC77D50019B003E8009BA59F /* eddaAppDelegate.m */ = {isa = PBXFileReference; lastKnownFileType = sourcecode.c.objc; path = eddaAppDelegate.m; sourceTree = "<group>"; };
		CC77D50319B003E8009BA59F /* Base */ = {isa = PBXFileReference; lastKnownFileType = file.storyboard; name = Base; path = Base.lproj/Main.storyboard; sourceTree = "<group>"; };
		CC77D50519B003E8009BA59F /* eddaMainViewController.h */ = {isa = PBXFileReference; lastKnownFileType = sourcecode.c.h; path = eddaMainViewController.h; sourceTree = "<group>"; };
		CC77D50619B003E8009BA59F /* eddaMainViewController.m */ = {isa = PBXFileReference; lastKnownFileType = sourcecode.c.objc; path = eddaMainViewController.m; sourceTree = "<group>"; };
		CC77D50819B003E8009BA59F /* eddaFlipsideViewController.h */ = {isa = PBXFileReference; lastKnownFileType = sourcecode.c.h; path = eddaFlipsideViewController.h; sourceTree = "<group>"; };
		CC77D50919B003E8009BA59F /* eddaFlipsideViewController.m */ = {isa = PBXFileReference; lastKnownFileType = sourcecode.c.objc; path = eddaFlipsideViewController.m; sourceTree = "<group>"; };
		CC77D50B19B003E8009BA59F /* Images.xcassets */ = {isa = PBXFileReference; lastKnownFileType = folder.assetcatalog; path = Images.xcassets; sourceTree = "<group>"; };
		CC77D51119B003E8009BA59F /* eddaTests.xctest */ = {isa = PBXFileReference; explicitFileType = wrapper.cfbundle; includeInIndex = 0; path = eddaTests.xctest; sourceTree = BUILT_PRODUCTS_DIR; };
		CC77D51219B003E8009BA59F /* XCTest.framework */ = {isa = PBXFileReference; lastKnownFileType = wrapper.framework; name = XCTest.framework; path = Library/Frameworks/XCTest.framework; sourceTree = DEVELOPER_DIR; };
		CC77D51A19B003E8009BA59F /* eddaTests-Info.plist */ = {isa = PBXFileReference; lastKnownFileType = text.plist.xml; path = "eddaTests-Info.plist"; sourceTree = "<group>"; };
		CC77D51C19B003E8009BA59F /* en */ = {isa = PBXFileReference; lastKnownFileType = text.plist.strings; name = en; path = en.lproj/InfoPlist.strings; sourceTree = "<group>"; };
		CC77D51E19B003E8009BA59F /* eddaTests.m */ = {isa = PBXFileReference; lastKnownFileType = sourcecode.c.objc; path = eddaTests.m; sourceTree = "<group>"; };
		CC77D52919B003F3009BA59F /* libTestFlight.a */ = {isa = PBXFileReference; lastKnownFileType = archive.ar; path = libTestFlight.a; sourceTree = "<group>"; };
		CC77D52A19B003F3009BA59F /* README.md */ = {isa = PBXFileReference; fileEncoding = 4; lastKnownFileType = text; path = README.md; sourceTree = "<group>"; };
		CC77D52B19B003F3009BA59F /* release_notes.md */ = {isa = PBXFileReference; fileEncoding = 4; lastKnownFileType = text; path = release_notes.md; sourceTree = "<group>"; };
		CC77D52C19B003F3009BA59F /* TestFlight+AsyncLogging.h */ = {isa = PBXFileReference; fileEncoding = 4; lastKnownFileType = sourcecode.c.h; path = "TestFlight+AsyncLogging.h"; sourceTree = "<group>"; };
		CC77D52D19B003F3009BA59F /* TestFlight+ManualSessions.h */ = {isa = PBXFileReference; fileEncoding = 4; lastKnownFileType = sourcecode.c.h; path = "TestFlight+ManualSessions.h"; sourceTree = "<group>"; };
		CC77D52E19B003F3009BA59F /* TestFlight.h */ = {isa = PBXFileReference; fileEncoding = 4; lastKnownFileType = sourcecode.c.h; path = TestFlight.h; sourceTree = "<group>"; };
		CC77D53319B00419009BA59F /* proj_api.h */ = {isa = PBXFileReference; fileEncoding = 4; lastKnownFileType = sourcecode.c.h; path = proj_api.h; sourceTree = "<group>"; };
		CC77D53419B00419009BA59F /* libProj4.a */ = {isa = PBXFileReference; lastKnownFileType = archive.ar; path = libProj4.a; sourceTree = "<group>"; };
		CC77D53619B00876009BA59F /* CoreLocation.framework */ = {isa = PBXFileReference; lastKnownFileType = wrapper.framework; name = CoreLocation.framework; path = System/Library/Frameworks/CoreLocation.framework; sourceTree = SDKROOT; };
		CC77D53819B00DB9009BA59F /* libz.dylib */ = {isa = PBXFileReference; lastKnownFileType = "compiled.mach-o.dylib"; name = libz.dylib; path = usr/lib/libz.dylib; sourceTree = SDKROOT; };
		CC77D53B19B02740009BA59F /* arrowLong.png */ = {isa = PBXFileReference; lastKnownFileType = image.png; path = arrowLong.png; sourceTree = "<group>"; };
		CCA397D019B529B000754BEB /* Accelerate.framework */ = {isa = PBXFileReference; lastKnownFileType = wrapper.framework; name = Accelerate.framework; path = System/Library/Frameworks/Accelerate.framework; sourceTree = SDKROOT; };
		CCA397D919B6987A00754BEB /* geodesic.h */ = {isa = PBXFileReference; fileEncoding = 4; lastKnownFileType = sourcecode.c.h; path = geodesic.h; sourceTree = "<group>"; };
		CCA397E119B6A00B00754BEB /* geodesic.c */ = {isa = PBXFileReference; fileEncoding = 4; lastKnownFileType = sourcecode.c.c; path = geodesic.c; sourceTree = "<group>"; };
/* End PBXFileReference section */

/* Begin PBXFrameworksBuildPhase section */
		CC77D4EA19B003E8009BA59F /* Frameworks */ = {
			isa = PBXFrameworksBuildPhase;
			buildActionMask = 2147483647;
			files = (
				CC7329D019B6D899005FEC7D /* CoreMotion.framework in Frameworks */,
				CCA397D219B5303D00754BEB /* Accelerate.framework in Frameworks */,
				CC77D53919B00DB9009BA59F /* libz.dylib in Frameworks */,
				CC77D53719B00876009BA59F /* CoreLocation.framework in Frameworks */,
				CC77D4F319B003E8009BA59F /* CoreGraphics.framework in Frameworks */,
				CC77D53519B00419009BA59F /* libProj4.a in Frameworks */,
				CC77D4F519B003E8009BA59F /* UIKit.framework in Frameworks */,
				CC77D4F119B003E8009BA59F /* Foundation.framework in Frameworks */,
				CC77D52F19B003F3009BA59F /* libTestFlight.a in Frameworks */,
			);
			runOnlyForDeploymentPostprocessing = 0;
		};
		CC77D50E19B003E8009BA59F /* Frameworks */ = {
			isa = PBXFrameworksBuildPhase;
			buildActionMask = 2147483647;
			files = (
				CC77D51319B003E8009BA59F /* XCTest.framework in Frameworks */,
				CC77D51519B003E8009BA59F /* UIKit.framework in Frameworks */,
				CC77D51419B003E8009BA59F /* Foundation.framework in Frameworks */,
			);
			runOnlyForDeploymentPostprocessing = 0;
		};
/* End PBXFrameworksBuildPhase section */

/* Begin PBXGroup section */
		CC77D4E419B003E8009BA59F = {
			isa = PBXGroup;
			children = (
				CC77D53A19B02734009BA59F /* images */,
				CC77D53219B003FF009BA59F /* geo */,
				CC77D52819B003F3009BA59F /* TestFlightSDK3.0.2 */,
				CC77D4F619B003E8009BA59F /* edda */,
				CC77D51819B003E8009BA59F /* eddaTests */,
				CC77D4EF19B003E8009BA59F /* Frameworks */,
				CC77D4EE19B003E8009BA59F /* Products */,
			);
			sourceTree = "<group>";
		};
		CC77D4EE19B003E8009BA59F /* Products */ = {
			isa = PBXGroup;
			children = (
				CC77D4ED19B003E8009BA59F /* edda.app */,
				CC77D51119B003E8009BA59F /* eddaTests.xctest */,
			);
			name = Products;
			sourceTree = "<group>";
		};
		CC77D4EF19B003E8009BA59F /* Frameworks */ = {
			isa = PBXGroup;
			children = (
				CC7329CF19B6D899005FEC7D /* CoreMotion.framework */,
				CCA397D019B529B000754BEB /* Accelerate.framework */,
				CC77D53819B00DB9009BA59F /* libz.dylib */,
				CC77D53619B00876009BA59F /* CoreLocation.framework */,
				CC77D4F019B003E8009BA59F /* Foundation.framework */,
				CC77D4F219B003E8009BA59F /* CoreGraphics.framework */,
				CC77D4F419B003E8009BA59F /* UIKit.framework */,
				CC77D51219B003E8009BA59F /* XCTest.framework */,
			);
			name = Frameworks;
			sourceTree = "<group>";
		};
		CC77D4F619B003E8009BA59F /* edda */ = {
			isa = PBXGroup;
			children = (
				CC77D4FF19B003E8009BA59F /* eddaAppDelegate.h */,
				CC77D50019B003E8009BA59F /* eddaAppDelegate.m */,
				CC77D50219B003E8009BA59F /* Main.storyboard */,
				CC77D50519B003E8009BA59F /* eddaMainViewController.h */,
				CC77D50619B003E8009BA59F /* eddaMainViewController.m */,
				CC77D50819B003E8009BA59F /* eddaFlipsideViewController.h */,
				CC77D50919B003E8009BA59F /* eddaFlipsideViewController.m */,
				CC77D50B19B003E8009BA59F /* Images.xcassets */,
				CC77D4F719B003E8009BA59F /* Supporting Files */,
			);
			path = edda;
			sourceTree = "<group>";
		};
		CC77D4F719B003E8009BA59F /* Supporting Files */ = {
			isa = PBXGroup;
			children = (
				CC77D4F819B003E8009BA59F /* edda-Info.plist */,
				CC77D4F919B003E8009BA59F /* InfoPlist.strings */,
				CC77D4FC19B003E8009BA59F /* main.m */,
				CC77D4FE19B003E8009BA59F /* edda-Prefix.pch */,
			);
			name = "Supporting Files";
			sourceTree = "<group>";
		};
		CC77D51819B003E8009BA59F /* eddaTests */ = {
			isa = PBXGroup;
			children = (
				CC77D51E19B003E8009BA59F /* eddaTests.m */,
				CC77D51919B003E8009BA59F /* Supporting Files */,
			);
			path = eddaTests;
			sourceTree = "<group>";
		};
		CC77D51919B003E8009BA59F /* Supporting Files */ = {
			isa = PBXGroup;
			children = (
				CC77D51A19B003E8009BA59F /* eddaTests-Info.plist */,
				CC77D51B19B003E8009BA59F /* InfoPlist.strings */,
			);
			name = "Supporting Files";
			sourceTree = "<group>";
		};
		CC77D52819B003F3009BA59F /* TestFlightSDK3.0.2 */ = {
			isa = PBXGroup;
			children = (
				CC77D52919B003F3009BA59F /* libTestFlight.a */,
				CC77D52A19B003F3009BA59F /* README.md */,
				CC77D52B19B003F3009BA59F /* release_notes.md */,
				CC77D52C19B003F3009BA59F /* TestFlight+AsyncLogging.h */,
				CC77D52D19B003F3009BA59F /* TestFlight+ManualSessions.h */,
				CC77D52E19B003F3009BA59F /* TestFlight.h */,
			);
			path = TestFlightSDK3.0.2;
			sourceTree = "<group>";
		};
		CC77D53219B003FF009BA59F /* geo */ = {
			isa = PBXGroup;
			children = (
				CCA397D919B6987A00754BEB /* geodesic.h */,
				CCA397E119B6A00B00754BEB /* geodesic.c */,
				CC77D53319B00419009BA59F /* proj_api.h */,
				CC77D53419B00419009BA59F /* libProj4.a */,
			);
			name = geo;
			sourceTree = "<group>";
		};
		CC77D53A19B02734009BA59F /* images */ = {
			isa = PBXGroup;
			children = (
				CC77D53B19B02740009BA59F /* arrowLong.png */,
			);
			name = images;
			sourceTree = "<group>";
		};
/* End PBXGroup section */

/* Begin PBXNativeTarget section */
		CC77D4EC19B003E8009BA59F /* edda */ = {
			isa = PBXNativeTarget;
			buildConfigurationList = CC77D52219B003E8009BA59F /* Build configuration list for PBXNativeTarget "edda" */;
			buildPhases = (
				CC77D4E919B003E8009BA59F /* Sources */,
				CC77D4EA19B003E8009BA59F /* Frameworks */,
				CC77D4EB19B003E8009BA59F /* Resources */,
			);
			buildRules = (
			);
			dependencies = (
			);
			name = edda;
			productName = edda;
			productReference = CC77D4ED19B003E8009BA59F /* edda.app */;
			productType = "com.apple.product-type.application";
		};
		CC77D51019B003E8009BA59F /* eddaTests */ = {
			isa = PBXNativeTarget;
			buildConfigurationList = CC77D52519B003E8009BA59F /* Build configuration list for PBXNativeTarget "eddaTests" */;
			buildPhases = (
				CC77D50D19B003E8009BA59F /* Sources */,
				CC77D50E19B003E8009BA59F /* Frameworks */,
				CC77D50F19B003E8009BA59F /* Resources */,
			);
			buildRules = (
			);
			dependencies = (
				CC77D51719B003E8009BA59F /* PBXTargetDependency */,
			);
			name = eddaTests;
			productName = eddaTests;
			productReference = CC77D51119B003E8009BA59F /* eddaTests.xctest */;
			productType = "com.apple.product-type.bundle.unit-test";
		};
/* End PBXNativeTarget section */

/* Begin PBXProject section */
		CC77D4E519B003E8009BA59F /* Project object */ = {
			isa = PBXProject;
			attributes = {
				CLASSPREFIX = edda;
				LastUpgradeCheck = 0510;
				ORGANIZATIONNAME = "Ping Pong Estudio";
				TargetAttributes = {
					CC77D4EC19B003E8009BA59F = {
						DevelopmentTeam = 7GV57M66F4;
					};
					CC77D51019B003E8009BA59F = {
						TestTargetID = CC77D4EC19B003E8009BA59F;
					};
				};
			};
			buildConfigurationList = CC77D4E819B003E8009BA59F /* Build configuration list for PBXProject "edda" */;
			compatibilityVersion = "Xcode 3.2";
			developmentRegion = English;
			hasScannedForEncodings = 0;
			knownRegions = (
				en,
				Base,
			);
			mainGroup = CC77D4E419B003E8009BA59F;
			productRefGroup = CC77D4EE19B003E8009BA59F /* Products */;
			projectDirPath = "";
			projectRoot = "";
			targets = (
				CC77D4EC19B003E8009BA59F /* edda */,
				CC77D51019B003E8009BA59F /* eddaTests */,
			);
		};
/* End PBXProject section */

/* Begin PBXResourcesBuildPhase section */
		CC77D4EB19B003E8009BA59F /* Resources */ = {
			isa = PBXResourcesBuildPhase;
			buildActionMask = 2147483647;
			files = (
				CC77D50C19B003E8009BA59F /* Images.xcassets in Resources */,
				CC77D53C19B02740009BA59F /* arrowLong.png in Resources */,
				CC77D4FB19B003E8009BA59F /* InfoPlist.strings in Resources */,
				CC77D53019B003F3009BA59F /* README.md in Resources */,
				CC77D50419B003E8009BA59F /* Main.storyboard in Resources */,
				CC77D53119B003F3009BA59F /* release_notes.md in Resources */,
			);
			runOnlyForDeploymentPostprocessing = 0;
		};
		CC77D50F19B003E8009BA59F /* Resources */ = {
			isa = PBXResourcesBuildPhase;
			buildActionMask = 2147483647;
			files = (
				CC77D51D19B003E8009BA59F /* InfoPlist.strings in Resources */,
			);
			runOnlyForDeploymentPostprocessing = 0;
		};
/* End PBXResourcesBuildPhase section */

/* Begin PBXSourcesBuildPhase section */
		CC77D4E919B003E8009BA59F /* Sources */ = {
			isa = PBXSourcesBuildPhase;
			buildActionMask = 2147483647;
			files = (
				CC77D50A19B003E8009BA59F /* eddaFlipsideViewController.m in Sources */,
				CC77D50119B003E8009BA59F /* eddaAppDelegate.m in Sources */,
				CCA397E219B6A00B00754BEB /* geodesic.c in Sources */,
				CC77D4FD19B003E8009BA59F /* main.m in Sources */,
				CC77D50719B003E8009BA59F /* eddaMainViewController.m in Sources */,
			);
			runOnlyForDeploymentPostprocessing = 0;
		};
		CC77D50D19B003E8009BA59F /* Sources */ = {
			isa = PBXSourcesBuildPhase;
			buildActionMask = 2147483647;
			files = (
				CC77D51F19B003E8009BA59F /* eddaTests.m in Sources */,
			);
			runOnlyForDeploymentPostprocessing = 0;
		};
/* End PBXSourcesBuildPhase section */

/* Begin PBXTargetDependency section */
		CC77D51719B003E8009BA59F /* PBXTargetDependency */ = {
			isa = PBXTargetDependency;
			target = CC77D4EC19B003E8009BA59F /* edda */;
			targetProxy = CC77D51619B003E8009BA59F /* PBXContainerItemProxy */;
		};
/* End PBXTargetDependency section */

/* Begin PBXVariantGroup section */
		CC77D4F919B003E8009BA59F /* InfoPlist.strings */ = {
			isa = PBXVariantGroup;
			children = (
				CC77D4FA19B003E8009BA59F /* en */,
			);
			name = InfoPlist.strings;
			sourceTree = "<group>";
		};
		CC77D50219B003E8009BA59F /* Main.storyboard */ = {
			isa = PBXVariantGroup;
			children = (
				CC77D50319B003E8009BA59F /* Base */,
			);
			name = Main.storyboard;
			sourceTree = "<group>";
		};
		CC77D51B19B003E8009BA59F /* InfoPlist.strings */ = {
			isa = PBXVariantGroup;
			children = (
				CC77D51C19B003E8009BA59F /* en */,
			);
			name = InfoPlist.strings;
			sourceTree = "<group>";
		};
/* End PBXVariantGroup section */

/* Begin XCBuildConfiguration section */
		CC77D52019B003E8009BA59F /* Debug */ = {
			isa = XCBuildConfiguration;
			buildSettings = {
				ALWAYS_SEARCH_USER_PATHS = NO;
				CLANG_CXX_LANGUAGE_STANDARD = "gnu++0x";
				CLANG_CXX_LIBRARY = "libc++";
				CLANG_ENABLE_MODULES = YES;
				CLANG_ENABLE_OBJC_ARC = YES;
				CLANG_WARN_BOOL_CONVERSION = YES;
				CLANG_WARN_CONSTANT_CONVERSION = YES;
				CLANG_WARN_DIRECT_OBJC_ISA_USAGE = YES_ERROR;
				CLANG_WARN_EMPTY_BODY = YES;
				CLANG_WARN_ENUM_CONVERSION = YES;
				CLANG_WARN_INT_CONVERSION = YES;
				CLANG_WARN_OBJC_ROOT_CLASS = YES_ERROR;
				CLANG_WARN__DUPLICATE_METHOD_MATCH = YES;
				"CODE_SIGN_IDENTITY[sdk=iphoneos*]" = "iPhone Developer";
				COPY_PHASE_STRIP = NO;
				GCC_C_LANGUAGE_STANDARD = gnu99;
				GCC_DYNAMIC_NO_PIC = NO;
				GCC_OPTIMIZATION_LEVEL = 0;
				GCC_PREPROCESSOR_DEFINITIONS = (
					"DEBUG=1",
					"$(inherited)",
				);
				GCC_SYMBOLS_PRIVATE_EXTERN = NO;
				GCC_WARN_64_TO_32_BIT_CONVERSION = YES;
				GCC_WARN_ABOUT_RETURN_TYPE = YES_ERROR;
				GCC_WARN_UNDECLARED_SELECTOR = YES;
				GCC_WARN_UNINITIALIZED_AUTOS = YES_AGGRESSIVE;
				GCC_WARN_UNUSED_FUNCTION = YES;
				GCC_WARN_UNUSED_VARIABLE = YES;
				IPHONEOS_DEPLOYMENT_TARGET = 7.1;
				ONLY_ACTIVE_ARCH = YES;
				SDKROOT = iphoneos;
			};
			name = Debug;
		};
		CC77D52119B003E8009BA59F /* Release */ = {
			isa = XCBuildConfiguration;
			buildSettings = {
				ALWAYS_SEARCH_USER_PATHS = NO;
				CLANG_CXX_LANGUAGE_STANDARD = "gnu++0x";
				CLANG_CXX_LIBRARY = "libc++";
				CLANG_ENABLE_MODULES = YES;
				CLANG_ENABLE_OBJC_ARC = YES;
				CLANG_WARN_BOOL_CONVERSION = YES;
				CLANG_WARN_CONSTANT_CONVERSION = YES;
				CLANG_WARN_DIRECT_OBJC_ISA_USAGE = YES_ERROR;
				CLANG_WARN_EMPTY_BODY = YES;
				CLANG_WARN_ENUM_CONVERSION = YES;
				CLANG_WARN_INT_CONVERSION = YES;
				CLANG_WARN_OBJC_ROOT_CLASS = YES_ERROR;
				CLANG_WARN__DUPLICATE_METHOD_MATCH = YES;
				"CODE_SIGN_IDENTITY[sdk=iphoneos*]" = "iPhone Developer";
				COPY_PHASE_STRIP = YES;
				ENABLE_NS_ASSERTIONS = NO;
				GCC_C_LANGUAGE_STANDARD = gnu99;
				GCC_WARN_64_TO_32_BIT_CONVERSION = YES;
				GCC_WARN_ABOUT_RETURN_TYPE = YES_ERROR;
				GCC_WARN_UNDECLARED_SELECTOR = YES;
				GCC_WARN_UNINITIALIZED_AUTOS = YES_AGGRESSIVE;
				GCC_WARN_UNUSED_FUNCTION = YES;
				GCC_WARN_UNUSED_VARIABLE = YES;
				IPHONEOS_DEPLOYMENT_TARGET = 7.1;
				SDKROOT = iphoneos;
				VALIDATE_PRODUCT = YES;
			};
			name = Release;
		};
		CC77D52319B003E8009BA59F /* Debug */ = {
			isa = XCBuildConfiguration;
			buildSettings = {
				ASSETCATALOG_COMPILER_APPICON_NAME = AppIcon;
				ASSETCATALOG_COMPILER_LAUNCHIMAGE_NAME = LaunchImage;
				CODE_SIGN_IDENTITY = "iPhone Developer";
				"CODE_SIGN_IDENTITY[sdk=iphoneos*]" = "iPhone Developer";
				GCC_PRECOMPILE_PREFIX_HEADER = YES;
				GCC_PREFIX_HEADER = "edda/edda-Prefix.pch";
				HEADER_SEARCH_PATHS = (
					"$(inherited)",
					/Applications/Xcode.app/Contents/Developer/Toolchains/XcodeDefault.xctoolchain/usr/include,
				);
				INFOPLIST_FILE = "edda/edda-Info.plist";
				IPHONEOS_DEPLOYMENT_TARGET = 7.0;
				LIBRARY_SEARCH_PATHS = (
					"$(inherited)",
					"$(PROJECT_DIR)/TestFlightSDK3.0.2",
					"$(PROJECT_DIR)",
				);
				OTHER_LDFLAGS = "";
				PRODUCT_NAME = "$(TARGET_NAME)";
				PROVISIONING_PROFILE = "a622a371-c30d-4dbd-8a94-9af9bebb6b5a";
				TARGETED_DEVICE_FAMILY = 1;
				WRAPPER_EXTENSION = app;
			};
			name = Debug;
		};
		CC77D52419B003E8009BA59F /* Release */ = {
			isa = XCBuildConfiguration;
			buildSettings = {
				ASSETCATALOG_COMPILER_APPICON_NAME = AppIcon;
				ASSETCATALOG_COMPILER_LAUNCHIMAGE_NAME = LaunchImage;
				CODE_SIGN_IDENTITY = "iPhone Distribution";
				"CODE_SIGN_IDENTITY[sdk=iphoneos*]" = "iPhone Distribution";
				GCC_PRECOMPILE_PREFIX_HEADER = YES;
				GCC_PREFIX_HEADER = "edda/edda-Prefix.pch";
				HEADER_SEARCH_PATHS = (
					"$(inherited)",
					/Applications/Xcode.app/Contents/Developer/Toolchains/XcodeDefault.xctoolchain/usr/include,
				);
				INFOPLIST_FILE = "edda/edda-Info.plist";
				IPHONEOS_DEPLOYMENT_TARGET = 7.0;
				LIBRARY_SEARCH_PATHS = (
					"$(inherited)",
					"$(PROJECT_DIR)/TestFlightSDK3.0.2",
					"$(PROJECT_DIR)",
				);
				OTHER_LDFLAGS = "";
				PRODUCT_NAME = "$(TARGET_NAME)";
				PROVISIONING_PROFILE = "a622a371-c30d-4dbd-8a94-9af9bebb6b5a";
				TARGETED_DEVICE_FAMILY = 1;
				WRAPPER_EXTENSION = app;
			};
			name = Release;
		};
		CC77D52619B003E8009BA59F /* Debug */ = {
			isa = XCBuildConfiguration;
			buildSettings = {
				BUNDLE_LOADER = "$(BUILT_PRODUCTS_DIR)/edda.app/edda";
				FRAMEWORK_SEARCH_PATHS = (
					"$(SDKROOT)/Developer/Library/Frameworks",
					"$(inherited)",
					"$(DEVELOPER_FRAMEWORKS_DIR)",
				);
				GCC_PRECOMPILE_PREFIX_HEADER = YES;
				GCC_PREFIX_HEADER = "edda/edda-Prefix.pch";
				GCC_PREPROCESSOR_DEFINITIONS = (
					"DEBUG=1",
					"$(inherited)",
				);
				INFOPLIST_FILE = "eddaTests/eddaTests-Info.plist";
				PRODUCT_NAME = "$(TARGET_NAME)";
				TEST_HOST = "$(BUNDLE_LOADER)";
				WRAPPER_EXTENSION = xctest;
			};
			name = Debug;
		};
		CC77D52719B003E8009BA59F /* Release */ = {
			isa = XCBuildConfiguration;
			buildSettings = {
				BUNDLE_LOADER = "$(BUILT_PRODUCTS_DIR)/edda.app/edda";
				FRAMEWORK_SEARCH_PATHS = (
					"$(SDKROOT)/Developer/Library/Frameworks",
					"$(inherited)",
					"$(DEVELOPER_FRAMEWORKS_DIR)",
				);
				GCC_PRECOMPILE_PREFIX_HEADER = YES;
				GCC_PREFIX_HEADER = "edda/edda-Prefix.pch";
				INFOPLIST_FILE = "eddaTests/eddaTests-Info.plist";
				PRODUCT_NAME = "$(TARGET_NAME)";
				TEST_HOST = "$(BUNDLE_LOADER)";
				WRAPPER_EXTENSION = xctest;
			};
			name = Release;
		};
/* End XCBuildConfiguration section */

/* Begin XCConfigurationList section */
		CC77D4E819B003E8009BA59F /* Build configuration list for PBXProject "edda" */ = {
			isa = XCConfigurationList;
			buildConfigurations = (
				CC77D52019B003E8009BA59F /* Debug */,
				CC77D52119B003E8009BA59F /* Release */,
			);
			defaultConfigurationIsVisible = 0;
			defaultConfigurationName = Release;
		};
		CC77D52219B003E8009BA59F /* Build configuration list for PBXNativeTarget "edda" */ = {
			isa = XCConfigurationList;
			buildConfigurations = (
				CC77D52319B003E8009BA59F /* Debug */,
				CC77D52419B003E8009BA59F /* Release */,
			);
			defaultConfigurationIsVisible = 0;
			defaultConfigurationName = Release;
		};
		CC77D52519B003E8009BA59F /* Build configuration list for PBXNativeTarget "eddaTests" */ = {
			isa = XCConfigurationList;
			buildConfigurations = (
				CC77D52619B003E8009BA59F /* Debug */,
				CC77D52719B003E8009BA59F /* Release */,
			);
			defaultConfigurationIsVisible = 0;
			defaultConfigurationName = Release;
		};
/* End XCConfigurationList section */
	};
	rootObject = CC77D4E519B003E8009BA59F /* Project object */;
}
